// !$*UTF8*$!
{
	archiveVersion = 1;
	classes = {
	};
	objectVersion = 51;
	objects = {

/* Begin PBXBuildFile section */
		2B0748AC24E5E3FA0031D203 /* AppDelegate.swift in Sources */ = {isa = PBXBuildFile; fileRef = 2B0748AB24E5E3FA0031D203 /* AppDelegate.swift */; };
		2B0748AE24E5E3FA0031D203 /* SceneDelegate.swift in Sources */ = {isa = PBXBuildFile; fileRef = 2B0748AD24E5E3FA0031D203 /* SceneDelegate.swift */; };
		2B0748B024E5E3FA0031D203 /* ViewController.swift in Sources */ = {isa = PBXBuildFile; fileRef = 2B0748AF24E5E3FA0031D203 /* ViewController.swift */; };
		2B0748B624E5E3FA0031D203 /* Cozy.xcdatamodeld in Sources */ = {isa = PBXBuildFile; fileRef = 2B0748B424E5E3FA0031D203 /* Cozy.xcdatamodeld */; };
		2B0748B824E5E3FA0031D203 /* Assets.xcassets in Resources */ = {isa = PBXBuildFile; fileRef = 2B0748B724E5E3FA0031D203 /* Assets.xcassets */; };
		2B0748BB24E5E3FA0031D203 /* LaunchScreen.storyboard in Resources */ = {isa = PBXBuildFile; fileRef = 2B0748B924E5E3FA0031D203 /* LaunchScreen.storyboard */; };
		2B402C0424F3118000B40319 /* PageTabBarController.swift in Sources */ = {isa = PBXBuildFile; fileRef = 2B402C0324F3118000B40319 /* PageTabBarController.swift */; };
		2B402C0A24F3B23500B40319 /* MapCreateViewController.swift in Sources */ = {isa = PBXBuildFile; fileRef = 2B402C0924F3B23500B40319 /* MapCreateViewController.swift */; };
		2B402C0C24F3B24400B40319 /* MapCreateViewModel.swift in Sources */ = {isa = PBXBuildFile; fileRef = 2B402C0B24F3B24400B40319 /* MapCreateViewModel.swift */; };
		2B402C0E24F3B33600B40319 /* MapCreateCoordinator.swift in Sources */ = {isa = PBXBuildFile; fileRef = 2B402C0D24F3B33600B40319 /* MapCreateCoordinator.swift */; };
		2B402C1524F3D75200B40319 /* GraffitiCreateViewController.swift in Sources */ = {isa = PBXBuildFile; fileRef = 2B402C1424F3D75200B40319 /* GraffitiCreateViewController.swift */; };
		2B402C1724F3D75C00B40319 /* GraffitiCreateViewModel.swift in Sources */ = {isa = PBXBuildFile; fileRef = 2B402C1624F3D75C00B40319 /* GraffitiCreateViewModel.swift */; };
		2B402C1924F3D88800B40319 /* GraffitiCreateCoordinator.swift in Sources */ = {isa = PBXBuildFile; fileRef = 2B402C1824F3D88800B40319 /* GraffitiCreateCoordinator.swift */; };
		2B44B5C624F3F47D00BC229A /* CoreGraffitiChunk+CoreDataClass.swift in Sources */ = {isa = PBXBuildFile; fileRef = 2B44B5C424F3F47D00BC229A /* CoreGraffitiChunk+CoreDataClass.swift */; };
		2B44B5CA24F488B900BC229A /* UIFont+Extensions.swift in Sources */ = {isa = PBXBuildFile; fileRef = 2B44B5C924F488B900BC229A /* UIFont+Extensions.swift */; };
		2B44B5CC24F488E900BC229A /* UIStackView+Extensions.swift in Sources */ = {isa = PBXBuildFile; fileRef = 2B44B5CB24F488E900BC229A /* UIStackView+Extensions.swift */; };
		2B44B5CE24F4891E00BC229A /* UIImage+Extensions.swift in Sources */ = {isa = PBXBuildFile; fileRef = 2B44B5CD24F4891E00BC229A /* UIImage+Extensions.swift */; };
		2B44B5D024F4893900BC229A /* UIView+Extensions.swift in Sources */ = {isa = PBXBuildFile; fileRef = 2B44B5CF24F4893900BC229A /* UIView+Extensions.swift */; };
		2B44B5D624F48D4B00BC229A /* MemorySearchController.swift in Sources */ = {isa = PBXBuildFile; fileRef = 2B44B5D524F48D4B00BC229A /* MemorySearchController.swift */; };
		2B44B5D824F48D7F00BC229A /* MemorySearchViewModel.swift in Sources */ = {isa = PBXBuildFile; fileRef = 2B44B5D724F48D7F00BC229A /* MemorySearchViewModel.swift */; };
		2B44B5DB24F4915F00BC229A /* MemorySearchCoordinator.swift in Sources */ = {isa = PBXBuildFile; fileRef = 2B44B5DA24F4915F00BC229A /* MemorySearchCoordinator.swift */; };
		2B574CAC24E7D3F00071D97C /* BaseViewController.swift in Sources */ = {isa = PBXBuildFile; fileRef = 2B574CAB24E7D3F00071D97C /* BaseViewController.swift */; };
		2B574CAE24E7D4190071D97C /* MemoryCreateViewController.swift in Sources */ = {isa = PBXBuildFile; fileRef = 2B574CAD24E7D4190071D97C /* MemoryCreateViewController.swift */; };
		2B574CB024E7E2300071D97C /* MemoryCreateViewModel.swift in Sources */ = {isa = PBXBuildFile; fileRef = 2B574CAF24E7E2300071D97C /* MemoryCreateViewModel.swift */; };
		2B574CB624E83B940071D97C /* Business.swift in Sources */ = {isa = PBXBuildFile; fileRef = 2B574CB524E83B940071D97C /* Business.swift */; };
		2B574CB924E83DC10071D97C /* MemoryCollectionViewController.swift in Sources */ = {isa = PBXBuildFile; fileRef = 2B574CB824E83DC10071D97C /* MemoryCollectionViewController.swift */; };
		2B574CBB24E842160071D97C /* MemoryCollectionViewCell.swift in Sources */ = {isa = PBXBuildFile; fileRef = 2B574CBA24E842160071D97C /* MemoryCollectionViewCell.swift */; };
		2B574CBD24E849180071D97C /* MemoryCollectionViewModel.swift in Sources */ = {isa = PBXBuildFile; fileRef = 2B574CBC24E849180071D97C /* MemoryCollectionViewModel.swift */; };
		2B574CC024E84A060071D97C /* Synchronizer.swift in Sources */ = {isa = PBXBuildFile; fileRef = 2B574CBF24E84A060071D97C /* Synchronizer.swift */; };
		2B574CD624E850DA0071D97C /* CoreTextChunk+CoreDataClass.swift in Sources */ = {isa = PBXBuildFile; fileRef = 2B574CD224E850DA0071D97C /* CoreTextChunk+CoreDataClass.swift */; };
		2B574CD824E850DA0071D97C /* CoreMemory+CoreDataClass.swift in Sources */ = {isa = PBXBuildFile; fileRef = 2B574CD424E850DA0071D97C /* CoreMemory+CoreDataClass.swift */; };
		2B59E31A24E933F80084F118 /* Helpers.swift in Sources */ = {isa = PBXBuildFile; fileRef = 2B59E31924E933F80084F118 /* Helpers.swift */; };
		2B59E31C24E9342A0084F118 /* MemoryCreateCells.swift in Sources */ = {isa = PBXBuildFile; fileRef = 2B59E31B24E9342A0084F118 /* MemoryCreateCells.swift */; };
		2B6DF78B24EB0C4D00B94C21 /* CorePhotoChunk+CoreDataClass.swift in Sources */ = {isa = PBXBuildFile; fileRef = 2B6DF78924EB0C4D00B94C21 /* CorePhotoChunk+CoreDataClass.swift */; };
		2BD4CD7624ED630000BCA0D5 /* MemoryCreateCoordinator.swift in Sources */ = {isa = PBXBuildFile; fileRef = 2BD4CD7524ED630000BCA0D5 /* MemoryCreateCoordinator.swift */; };
		2BD4CD7C24ED702900BCA0D5 /* ImageDetailViewController.swift in Sources */ = {isa = PBXBuildFile; fileRef = 2BD4CD7B24ED702900BCA0D5 /* ImageDetailViewController.swift */; };
		2BD4CD7E24ED703700BCA0D5 /* ImageDetailViewModel.swift in Sources */ = {isa = PBXBuildFile; fileRef = 2BD4CD7D24ED703700BCA0D5 /* ImageDetailViewModel.swift */; };
		2BD4CD8024ED704D00BCA0D5 /* ImageDetailCoordinator.swift in Sources */ = {isa = PBXBuildFile; fileRef = 2BD4CD7F24ED704D00BCA0D5 /* ImageDetailCoordinator.swift */; };
		2BD4CD8224EDAD2100BCA0D5 /* PageViewController.swift in Sources */ = {isa = PBXBuildFile; fileRef = 2BD4CD8124EDAD2100BCA0D5 /* PageViewController.swift */; };
		2BD4CD8424EE85CC00BCA0D5 /* ButtonsPanel.swift in Sources */ = {isa = PBXBuildFile; fileRef = 2BD4CD8324EE85CC00BCA0D5 /* ButtonsPanel.swift */; };
		2BD4CD8724EECB5700BCA0D5 /* MemoryCollectionCoordinator.swift in Sources */ = {isa = PBXBuildFile; fileRef = 2BD4CD8624EECB5700BCA0D5 /* MemoryCollectionCoordinator.swift */; };
		2BD4CD8D24EEDC4900BCA0D5 /* MemoryShowViewController.swift in Sources */ = {isa = PBXBuildFile; fileRef = 2BD4CD8C24EEDC4900BCA0D5 /* MemoryShowViewController.swift */; };
		2BD4CD8F24EEDC5F00BCA0D5 /* MemoryShowViewModel.swift in Sources */ = {isa = PBXBuildFile; fileRef = 2BD4CD8E24EEDC5F00BCA0D5 /* MemoryShowViewModel.swift */; };
		2BD4CD9124EEE12D00BCA0D5 /* MemoryShowCoordinator.swift in Sources */ = {isa = PBXBuildFile; fileRef = 2BD4CD9024EEE12D00BCA0D5 /* MemoryShowCoordinator.swift */; };
		2BD4CD9424EEF17400BCA0D5 /* AppCoordinator.swift in Sources */ = {isa = PBXBuildFile; fileRef = 2BD4CD9324EEF17400BCA0D5 /* AppCoordinator.swift */; };
		2BD4CD9724EEFD4D00BCA0D5 /* ImageProposalSheetController.swift in Sources */ = {isa = PBXBuildFile; fileRef = 2BD4CD9624EEFD4D00BCA0D5 /* ImageProposalSheetController.swift */; };
		2BD4CD9924EEFD6500BCA0D5 /* ImageProposalViewModel.swift in Sources */ = {isa = PBXBuildFile; fileRef = 2BD4CD9824EEFD6500BCA0D5 /* ImageProposalViewModel.swift */; };
		2BD4CD9B24EF104600BCA0D5 /* ImagesProposalCoordinator.swift in Sources */ = {isa = PBXBuildFile; fileRef = 2BD4CD9A24EF104600BCA0D5 /* ImagesProposalCoordinator.swift */; };
		B3B88CF141F8D6A579ECA1EE /* Pods_Cozy.framework in Frameworks */ = {isa = PBXBuildFile; fileRef = 0FC798F2920457D08D7A46D4 /* Pods_Cozy.framework */; };
/* End PBXBuildFile section */

/* Begin PBXFileReference section */
		0FC798F2920457D08D7A46D4 /* Pods_Cozy.framework */ = {isa = PBXFileReference; explicitFileType = wrapper.framework; includeInIndex = 0; path = Pods_Cozy.framework; sourceTree = BUILT_PRODUCTS_DIR; };
		2B0748A824E5E3FA0031D203 /* Cozy.app */ = {isa = PBXFileReference; explicitFileType = wrapper.application; includeInIndex = 0; path = Cozy.app; sourceTree = BUILT_PRODUCTS_DIR; };
		2B0748AB24E5E3FA0031D203 /* AppDelegate.swift */ = {isa = PBXFileReference; lastKnownFileType = sourcecode.swift; path = AppDelegate.swift; sourceTree = "<group>"; };
		2B0748AD24E5E3FA0031D203 /* SceneDelegate.swift */ = {isa = PBXFileReference; lastKnownFileType = sourcecode.swift; path = SceneDelegate.swift; sourceTree = "<group>"; };
		2B0748AF24E5E3FA0031D203 /* ViewController.swift */ = {isa = PBXFileReference; lastKnownFileType = sourcecode.swift; path = ViewController.swift; sourceTree = "<group>"; };
		2B0748B524E5E3FA0031D203 /* Cozy.xcdatamodel */ = {isa = PBXFileReference; lastKnownFileType = wrapper.xcdatamodel; path = Cozy.xcdatamodel; sourceTree = "<group>"; };
		2B0748B724E5E3FA0031D203 /* Assets.xcassets */ = {isa = PBXFileReference; lastKnownFileType = folder.assetcatalog; path = Assets.xcassets; sourceTree = "<group>"; };
		2B0748BA24E5E3FA0031D203 /* Base */ = {isa = PBXFileReference; lastKnownFileType = file.storyboard; name = Base; path = Base.lproj/LaunchScreen.storyboard; sourceTree = "<group>"; };
		2B0748BC24E5E3FA0031D203 /* Info.plist */ = {isa = PBXFileReference; lastKnownFileType = text.plist.xml; path = Info.plist; sourceTree = "<group>"; };
		2B402C0324F3118000B40319 /* PageTabBarController.swift */ = {isa = PBXFileReference; lastKnownFileType = sourcecode.swift; path = PageTabBarController.swift; sourceTree = "<group>"; };
		2B402C0924F3B23500B40319 /* MapCreateViewController.swift */ = {isa = PBXFileReference; lastKnownFileType = sourcecode.swift; path = MapCreateViewController.swift; sourceTree = "<group>"; };
		2B402C0B24F3B24400B40319 /* MapCreateViewModel.swift */ = {isa = PBXFileReference; lastKnownFileType = sourcecode.swift; path = MapCreateViewModel.swift; sourceTree = "<group>"; };
		2B402C0D24F3B33600B40319 /* MapCreateCoordinator.swift */ = {isa = PBXFileReference; lastKnownFileType = sourcecode.swift; path = MapCreateCoordinator.swift; sourceTree = "<group>"; };
		2B402C1424F3D75200B40319 /* GraffitiCreateViewController.swift */ = {isa = PBXFileReference; lastKnownFileType = sourcecode.swift; path = GraffitiCreateViewController.swift; sourceTree = "<group>"; };
		2B402C1624F3D75C00B40319 /* GraffitiCreateViewModel.swift */ = {isa = PBXFileReference; lastKnownFileType = sourcecode.swift; path = GraffitiCreateViewModel.swift; sourceTree = "<group>"; };
		2B402C1824F3D88800B40319 /* GraffitiCreateCoordinator.swift */ = {isa = PBXFileReference; lastKnownFileType = sourcecode.swift; path = GraffitiCreateCoordinator.swift; sourceTree = "<group>"; };
		2B44B5C424F3F47D00BC229A /* CoreGraffitiChunk+CoreDataClass.swift */ = {isa = PBXFileReference; lastKnownFileType = sourcecode.swift; path = "CoreGraffitiChunk+CoreDataClass.swift"; sourceTree = "<group>"; };
		2B44B5C924F488B900BC229A /* UIFont+Extensions.swift */ = {isa = PBXFileReference; lastKnownFileType = sourcecode.swift; path = "UIFont+Extensions.swift"; sourceTree = "<group>"; };
		2B44B5CB24F488E900BC229A /* UIStackView+Extensions.swift */ = {isa = PBXFileReference; lastKnownFileType = sourcecode.swift; path = "UIStackView+Extensions.swift"; sourceTree = "<group>"; };
		2B44B5CD24F4891E00BC229A /* UIImage+Extensions.swift */ = {isa = PBXFileReference; lastKnownFileType = sourcecode.swift; path = "UIImage+Extensions.swift"; sourceTree = "<group>"; };
		2B44B5CF24F4893900BC229A /* UIView+Extensions.swift */ = {isa = PBXFileReference; lastKnownFileType = sourcecode.swift; path = "UIView+Extensions.swift"; sourceTree = "<group>"; };
		2B44B5D524F48D4B00BC229A /* MemorySearchController.swift */ = {isa = PBXFileReference; lastKnownFileType = sourcecode.swift; path = MemorySearchController.swift; sourceTree = "<group>"; };
		2B44B5D724F48D7F00BC229A /* MemorySearchViewModel.swift */ = {isa = PBXFileReference; lastKnownFileType = sourcecode.swift; path = MemorySearchViewModel.swift; sourceTree = "<group>"; };
		2B44B5DA24F4915F00BC229A /* MemorySearchCoordinator.swift */ = {isa = PBXFileReference; lastKnownFileType = sourcecode.swift; path = MemorySearchCoordinator.swift; sourceTree = "<group>"; };
		2B574CAB24E7D3F00071D97C /* BaseViewController.swift */ = {isa = PBXFileReference; lastKnownFileType = sourcecode.swift; path = BaseViewController.swift; sourceTree = "<group>"; };
		2B574CAD24E7D4190071D97C /* MemoryCreateViewController.swift */ = {isa = PBXFileReference; lastKnownFileType = sourcecode.swift; path = MemoryCreateViewController.swift; sourceTree = "<group>"; };
		2B574CAF24E7E2300071D97C /* MemoryCreateViewModel.swift */ = {isa = PBXFileReference; lastKnownFileType = sourcecode.swift; path = MemoryCreateViewModel.swift; sourceTree = "<group>"; };
		2B574CB524E83B940071D97C /* Business.swift */ = {isa = PBXFileReference; lastKnownFileType = sourcecode.swift; path = Business.swift; sourceTree = "<group>"; };
		2B574CB824E83DC10071D97C /* MemoryCollectionViewController.swift */ = {isa = PBXFileReference; lastKnownFileType = sourcecode.swift; path = MemoryCollectionViewController.swift; sourceTree = "<group>"; };
		2B574CBA24E842160071D97C /* MemoryCollectionViewCell.swift */ = {isa = PBXFileReference; lastKnownFileType = sourcecode.swift; path = MemoryCollectionViewCell.swift; sourceTree = "<group>"; };
		2B574CBC24E849180071D97C /* MemoryCollectionViewModel.swift */ = {isa = PBXFileReference; lastKnownFileType = sourcecode.swift; path = MemoryCollectionViewModel.swift; sourceTree = "<group>"; };
		2B574CBF24E84A060071D97C /* Synchronizer.swift */ = {isa = PBXFileReference; lastKnownFileType = sourcecode.swift; path = Synchronizer.swift; sourceTree = "<group>"; };
		2B574CD224E850DA0071D97C /* CoreTextChunk+CoreDataClass.swift */ = {isa = PBXFileReference; lastKnownFileType = sourcecode.swift; path = "CoreTextChunk+CoreDataClass.swift"; sourceTree = SOURCE_ROOT; };
		2B574CD424E850DA0071D97C /* CoreMemory+CoreDataClass.swift */ = {isa = PBXFileReference; lastKnownFileType = sourcecode.swift; path = "CoreMemory+CoreDataClass.swift"; sourceTree = SOURCE_ROOT; };
		2B59E31924E933F80084F118 /* Helpers.swift */ = {isa = PBXFileReference; lastKnownFileType = sourcecode.swift; path = Helpers.swift; sourceTree = "<group>"; };
		2B59E31B24E9342A0084F118 /* MemoryCreateCells.swift */ = {isa = PBXFileReference; lastKnownFileType = sourcecode.swift; path = MemoryCreateCells.swift; sourceTree = "<group>"; };
		2B6DF78924EB0C4D00B94C21 /* CorePhotoChunk+CoreDataClass.swift */ = {isa = PBXFileReference; lastKnownFileType = sourcecode.swift; name = "CorePhotoChunk+CoreDataClass.swift"; path = "Cozy/Model/CoreData/CorePhotoChunk+CoreDataClass.swift"; sourceTree = SOURCE_ROOT; };
		2BD4CD7524ED630000BCA0D5 /* MemoryCreateCoordinator.swift */ = {isa = PBXFileReference; lastKnownFileType = sourcecode.swift; path = MemoryCreateCoordinator.swift; sourceTree = "<group>"; };
		2BD4CD7B24ED702900BCA0D5 /* ImageDetailViewController.swift */ = {isa = PBXFileReference; lastKnownFileType = sourcecode.swift; path = ImageDetailViewController.swift; sourceTree = "<group>"; };
		2BD4CD7D24ED703700BCA0D5 /* ImageDetailViewModel.swift */ = {isa = PBXFileReference; lastKnownFileType = sourcecode.swift; path = ImageDetailViewModel.swift; sourceTree = "<group>"; };
		2BD4CD7F24ED704D00BCA0D5 /* ImageDetailCoordinator.swift */ = {isa = PBXFileReference; lastKnownFileType = sourcecode.swift; path = ImageDetailCoordinator.swift; sourceTree = "<group>"; };
		2BD4CD8124EDAD2100BCA0D5 /* PageViewController.swift */ = {isa = PBXFileReference; lastKnownFileType = sourcecode.swift; path = PageViewController.swift; sourceTree = "<group>"; };
		2BD4CD8324EE85CC00BCA0D5 /* ButtonsPanel.swift */ = {isa = PBXFileReference; lastKnownFileType = sourcecode.swift; path = ButtonsPanel.swift; sourceTree = "<group>"; };
		2BD4CD8624EECB5700BCA0D5 /* MemoryCollectionCoordinator.swift */ = {isa = PBXFileReference; lastKnownFileType = sourcecode.swift; path = MemoryCollectionCoordinator.swift; sourceTree = "<group>"; };
		2BD4CD8C24EEDC4900BCA0D5 /* MemoryShowViewController.swift */ = {isa = PBXFileReference; lastKnownFileType = sourcecode.swift; path = MemoryShowViewController.swift; sourceTree = "<group>"; };
		2BD4CD8E24EEDC5F00BCA0D5 /* MemoryShowViewModel.swift */ = {isa = PBXFileReference; lastKnownFileType = sourcecode.swift; path = MemoryShowViewModel.swift; sourceTree = "<group>"; };
		2BD4CD9024EEE12D00BCA0D5 /* MemoryShowCoordinator.swift */ = {isa = PBXFileReference; lastKnownFileType = sourcecode.swift; path = MemoryShowCoordinator.swift; sourceTree = "<group>"; };
		2BD4CD9324EEF17400BCA0D5 /* AppCoordinator.swift */ = {isa = PBXFileReference; lastKnownFileType = sourcecode.swift; path = AppCoordinator.swift; sourceTree = "<group>"; };
		2BD4CD9624EEFD4D00BCA0D5 /* ImageProposalSheetController.swift */ = {isa = PBXFileReference; lastKnownFileType = sourcecode.swift; path = ImageProposalSheetController.swift; sourceTree = "<group>"; };
		2BD4CD9824EEFD6500BCA0D5 /* ImageProposalViewModel.swift */ = {isa = PBXFileReference; lastKnownFileType = sourcecode.swift; path = ImageProposalViewModel.swift; sourceTree = "<group>"; };
		2BD4CD9A24EF104600BCA0D5 /* ImagesProposalCoordinator.swift */ = {isa = PBXFileReference; lastKnownFileType = sourcecode.swift; path = ImagesProposalCoordinator.swift; sourceTree = "<group>"; };
		392D86B353E56D3881C36505 /* Pods-Cozy.release.xcconfig */ = {isa = PBXFileReference; includeInIndex = 1; lastKnownFileType = text.xcconfig; name = "Pods-Cozy.release.xcconfig"; path = "Target Support Files/Pods-Cozy/Pods-Cozy.release.xcconfig"; sourceTree = "<group>"; };
		9EA38423ED02106646ABD875 /* Pods-Cozy.debug.xcconfig */ = {isa = PBXFileReference; includeInIndex = 1; lastKnownFileType = text.xcconfig; name = "Pods-Cozy.debug.xcconfig"; path = "Target Support Files/Pods-Cozy/Pods-Cozy.debug.xcconfig"; sourceTree = "<group>"; };
/* End PBXFileReference section */

/* Begin PBXFrameworksBuildPhase section */
		2B0748A524E5E3FA0031D203 /* Frameworks */ = {
			isa = PBXFrameworksBuildPhase;
			buildActionMask = 2147483647;
			files = (
				B3B88CF141F8D6A579ECA1EE /* Pods_Cozy.framework in Frameworks */,
			);
			runOnlyForDeploymentPostprocessing = 0;
		};
/* End PBXFrameworksBuildPhase section */

/* Begin PBXGroup section */
		2B07489F24E5E3FA0031D203 = {
			isa = PBXGroup;
			children = (
				2B0748AA24E5E3FA0031D203 /* Cozy */,
				2B0748A924E5E3FA0031D203 /* Products */,
				6E3DB1B36F17ADB64E364AEA /* Pods */,
				713520CC0700BE7D6DA57992 /* Frameworks */,
			);
			sourceTree = "<group>";
		};
		2B0748A924E5E3FA0031D203 /* Products */ = {
			isa = PBXGroup;
			children = (
				2B0748A824E5E3FA0031D203 /* Cozy.app */,
			);
			name = Products;
			sourceTree = "<group>";
		};
		2B0748AA24E5E3FA0031D203 /* Cozy */ = {
			isa = PBXGroup;
			children = (
				2B44B5C824F488A000BC229A /* Extensions */,
				2B574CB424E83B810071D97C /* ModelLayer */,
				2B574CB124E7FDB80071D97C /* Views */,
				2B574CAA24E7D3E10071D97C /* Helper */,
				2B574CA224E71BB50071D97C /* UI */,
				2B574C9C24E71AED0071D97C /* Model */,
				2B0748AB24E5E3FA0031D203 /* AppDelegate.swift */,
				2B0748AD24E5E3FA0031D203 /* SceneDelegate.swift */,
				2B0748AF24E5E3FA0031D203 /* ViewController.swift */,
				2B0748B724E5E3FA0031D203 /* Assets.xcassets */,
				2B0748B924E5E3FA0031D203 /* LaunchScreen.storyboard */,
				2B0748BC24E5E3FA0031D203 /* Info.plist */,
				2B0748B424E5E3FA0031D203 /* Cozy.xcdatamodeld */,
			);
			path = Cozy;
			sourceTree = "<group>";
		};
		2B402C0524F3B20900B40319 /* MapCreate */ = {
			isa = PBXGroup;
			children = (
				2B402C0824F3B21900B40319 /* Coordinator */,
				2B402C0724F3B21300B40319 /* ViewModel */,
				2B402C0624F3B20F00B40319 /* View */,
			);
			path = MapCreate;
			sourceTree = "<group>";
		};
		2B402C0624F3B20F00B40319 /* View */ = {
			isa = PBXGroup;
			children = (
				2B402C0924F3B23500B40319 /* MapCreateViewController.swift */,
			);
			path = View;
			sourceTree = "<group>";
		};
		2B402C0724F3B21300B40319 /* ViewModel */ = {
			isa = PBXGroup;
			children = (
				2B402C0B24F3B24400B40319 /* MapCreateViewModel.swift */,
			);
			path = ViewModel;
			sourceTree = "<group>";
		};
		2B402C0824F3B21900B40319 /* Coordinator */ = {
			isa = PBXGroup;
			children = (
				2B402C0D24F3B33600B40319 /* MapCreateCoordinator.swift */,
			);
			path = Coordinator;
			sourceTree = "<group>";
		};
		2B402C0F24F3D72800B40319 /* GraffitiCreate */ = {
			isa = PBXGroup;
			children = (
				2B402C1324F3D74400B40319 /* Coordinator */,
				2B402C1224F3D73E00B40319 /* ViewModel */,
				2B402C1124F3D73A00B40319 /* View */,
			);
			path = GraffitiCreate;
			sourceTree = "<group>";
		};
		2B402C1124F3D73A00B40319 /* View */ = {
			isa = PBXGroup;
			children = (
				2B402C1424F3D75200B40319 /* GraffitiCreateViewController.swift */,
			);
			path = View;
			sourceTree = "<group>";
		};
		2B402C1224F3D73E00B40319 /* ViewModel */ = {
			isa = PBXGroup;
			children = (
				2B402C1624F3D75C00B40319 /* GraffitiCreateViewModel.swift */,
			);
			path = ViewModel;
			sourceTree = "<group>";
		};
		2B402C1324F3D74400B40319 /* Coordinator */ = {
			isa = PBXGroup;
			children = (
				2B402C1824F3D88800B40319 /* GraffitiCreateCoordinator.swift */,
			);
			path = Coordinator;
			sourceTree = "<group>";
		};
		2B44B5C824F488A000BC229A /* Extensions */ = {
			isa = PBXGroup;
			children = (
				2B44B5C924F488B900BC229A /* UIFont+Extensions.swift */,
				2B44B5CB24F488E900BC229A /* UIStackView+Extensions.swift */,
				2B44B5CD24F4891E00BC229A /* UIImage+Extensions.swift */,
				2B44B5CF24F4893900BC229A /* UIView+Extensions.swift */,
			);
			path = Extensions;
			sourceTree = "<group>";
		};
		2B44B5D124F48CB700BC229A /* MemorySearch */ = {
			isa = PBXGroup;
			children = (
				2B44B5D424F48CD500BC229A /* Coordinator */,
				2B44B5D324F48CCE00BC229A /* ViewModel */,
				2B44B5D224F48CCA00BC229A /* View */,
			);
			path = MemorySearch;
			sourceTree = "<group>";
		};
		2B44B5D224F48CCA00BC229A /* View */ = {
			isa = PBXGroup;
			children = (
				2B44B5D524F48D4B00BC229A /* MemorySearchController.swift */,
			);
			path = View;
			sourceTree = "<group>";
		};
		2B44B5D324F48CCE00BC229A /* ViewModel */ = {
			isa = PBXGroup;
			children = (
				2B44B5D724F48D7F00BC229A /* MemorySearchViewModel.swift */,
			);
			path = ViewModel;
			sourceTree = "<group>";
		};
		2B44B5D424F48CD500BC229A /* Coordinator */ = {
			isa = PBXGroup;
			children = (
				2B44B5DA24F4915F00BC229A /* MemorySearchCoordinator.swift */,
			);
			path = Coordinator;
			sourceTree = "<group>";
		};
		2B574C9C24E71AED0071D97C /* Model */ = {
			isa = PBXGroup;
			children = (
				2B574C9D24E71AF20071D97C /* CoreData */,
			);
			path = Model;
			sourceTree = "<group>";
		};
		2B574C9D24E71AF20071D97C /* CoreData */ = {
			isa = PBXGroup;
			children = (
			);
			path = CoreData;
			sourceTree = "<group>";
		};
		2B574CA224E71BB50071D97C /* UI */ = {
			isa = PBXGroup;
			children = (
				2B402C0F24F3D72800B40319 /* GraffitiCreate */,
				2B402C0524F3B20900B40319 /* MapCreate */,
				2BD4CD9524EEFC1E00BCA0D5 /* ImageProposalSheet */,
				2BD4CD9224EEF16300BCA0D5 /* App */,
				2BD4CD8824EEDC2200BCA0D5 /* MemoryShow */,
				2BD4CD7724ED6B3F00BCA0D5 /* ImageDetail */,
				2B574CA424E71E460071D97C /* MemoryCreate */,
				2B44B5D124F48CB700BC229A /* MemorySearch */,
				2B574CA324E71BBF0071D97C /* MemoriesCollection */,
			);
			path = UI;
			sourceTree = "<group>";
		};
		2B574CA324E71BBF0071D97C /* MemoriesCollection */ = {
			isa = PBXGroup;
			children = (
				2BD4CD8524EECB4900BCA0D5 /* Coordinator */,
				2B574CA724E71E570071D97C /* ViewModel */,
				2B574CA624E71E530071D97C /* View */,
			);
			path = MemoriesCollection;
			sourceTree = "<group>";
		};
		2B574CA424E71E460071D97C /* MemoryCreate */ = {
			isa = PBXGroup;
			children = (
				2BD4CD7424ED628C00BCA0D5 /* Coordinator */,
				2B574CA924E71E600071D97C /* ViewModel */,
				2B574CA824E71E5C0071D97C /* View */,
			);
			path = MemoryCreate;
			sourceTree = "<group>";
		};
		2B574CA624E71E530071D97C /* View */ = {
			isa = PBXGroup;
			children = (
				2B574CB824E83DC10071D97C /* MemoryCollectionViewController.swift */,
				2B574CBA24E842160071D97C /* MemoryCollectionViewCell.swift */,
			);
			path = View;
			sourceTree = "<group>";
		};
		2B574CA724E71E570071D97C /* ViewModel */ = {
			isa = PBXGroup;
			children = (
				2B574CBC24E849180071D97C /* MemoryCollectionViewModel.swift */,
			);
			path = ViewModel;
			sourceTree = "<group>";
		};
		2B574CA824E71E5C0071D97C /* View */ = {
			isa = PBXGroup;
			children = (
				2B59E31B24E9342A0084F118 /* MemoryCreateCells.swift */,
				2B574CAD24E7D4190071D97C /* MemoryCreateViewController.swift */,
				2BD4CD8324EE85CC00BCA0D5 /* ButtonsPanel.swift */,
			);
			path = View;
			sourceTree = "<group>";
		};
		2B574CA924E71E600071D97C /* ViewModel */ = {
			isa = PBXGroup;
			children = (
				2B574CAF24E7E2300071D97C /* MemoryCreateViewModel.swift */,
			);
			path = ViewModel;
			sourceTree = "<group>";
		};
		2B574CAA24E7D3E10071D97C /* Helper */ = {
			isa = PBXGroup;
			children = (
				2B574CAB24E7D3F00071D97C /* BaseViewController.swift */,
				2BD4CD8124EDAD2100BCA0D5 /* PageViewController.swift */,
				2B402C0324F3118000B40319 /* PageTabBarController.swift */,
			);
			path = Helper;
			sourceTree = "<group>";
		};
		2B574CB124E7FDB80071D97C /* Views */ = {
			isa = PBXGroup;
			children = (
				2B59E31924E933F80084F118 /* Helpers.swift */,
			);
			path = Views;
			sourceTree = "<group>";
		};
		2B574CB424E83B810071D97C /* ModelLayer */ = {
			isa = PBXGroup;
			children = (
				2B574CC124E84EB20071D97C /* CoreData */,
				2B574CBE24E849F90071D97C /* DataMiner */,
				2B574CB724E83D1E0071D97C /* Mapper */,
				2B574CB524E83B940071D97C /* Business.swift */,
			);
			path = ModelLayer;
			sourceTree = "<group>";
		};
		2B574CB724E83D1E0071D97C /* Mapper */ = {
			isa = PBXGroup;
			children = (
			);
			path = Mapper;
			sourceTree = "<group>";
		};
		2B574CBE24E849F90071D97C /* DataMiner */ = {
			isa = PBXGroup;
			children = (
				2B574CBF24E84A060071D97C /* Synchronizer.swift */,
			);
			path = DataMiner;
			sourceTree = "<group>";
		};
		2B574CC124E84EB20071D97C /* CoreData */ = {
			isa = PBXGroup;
			children = (
				2B44B5C424F3F47D00BC229A /* CoreGraffitiChunk+CoreDataClass.swift */,
				2B6DF78924EB0C4D00B94C21 /* CorePhotoChunk+CoreDataClass.swift */,
				2B574CD224E850DA0071D97C /* CoreTextChunk+CoreDataClass.swift */,
				2B574CD424E850DA0071D97C /* CoreMemory+CoreDataClass.swift */,
			);
			path = CoreData;
			sourceTree = "<group>";
		};
		2BD4CD7424ED628C00BCA0D5 /* Coordinator */ = {
			isa = PBXGroup;
			children = (
				2BD4CD7524ED630000BCA0D5 /* MemoryCreateCoordinator.swift */,
			);
			path = Coordinator;
			sourceTree = "<group>";
		};
		2BD4CD7724ED6B3F00BCA0D5 /* ImageDetail */ = {
			isa = PBXGroup;
			children = (
				2BD4CD7A24ED701C00BCA0D5 /* Coordinator */,
				2BD4CD7924ED6B4C00BCA0D5 /* ViewModel */,
				2BD4CD7824ED6B4900BCA0D5 /* View */,
			);
			path = ImageDetail;
			sourceTree = "<group>";
		};
		2BD4CD7824ED6B4900BCA0D5 /* View */ = {
			isa = PBXGroup;
			children = (
				2BD4CD7B24ED702900BCA0D5 /* ImageDetailViewController.swift */,
			);
			path = View;
			sourceTree = "<group>";
		};
		2BD4CD7924ED6B4C00BCA0D5 /* ViewModel */ = {
			isa = PBXGroup;
			children = (
				2BD4CD7D24ED703700BCA0D5 /* ImageDetailViewModel.swift */,
			);
			path = ViewModel;
			sourceTree = "<group>";
		};
		2BD4CD7A24ED701C00BCA0D5 /* Coordinator */ = {
			isa = PBXGroup;
			children = (
				2BD4CD7F24ED704D00BCA0D5 /* ImageDetailCoordinator.swift */,
			);
			path = Coordinator;
			sourceTree = "<group>";
		};
		2BD4CD8524EECB4900BCA0D5 /* Coordinator */ = {
			isa = PBXGroup;
			children = (
				2BD4CD8624EECB5700BCA0D5 /* MemoryCollectionCoordinator.swift */,
			);
			path = Coordinator;
			sourceTree = "<group>";
		};
		2BD4CD8824EEDC2200BCA0D5 /* MemoryShow */ = {
			isa = PBXGroup;
			children = (
				2BD4CD8B24EEDC3000BCA0D5 /* ViewModel */,
				2BD4CD8A24EEDC2C00BCA0D5 /* View */,
				2BD4CD8924EEDC2800BCA0D5 /* Coordinator */,
			);
			path = MemoryShow;
			sourceTree = "<group>";
		};
		2BD4CD8924EEDC2800BCA0D5 /* Coordinator */ = {
			isa = PBXGroup;
			children = (
				2BD4CD9024EEE12D00BCA0D5 /* MemoryShowCoordinator.swift */,
			);
			path = Coordinator;
			sourceTree = "<group>";
		};
		2BD4CD8A24EEDC2C00BCA0D5 /* View */ = {
			isa = PBXGroup;
			children = (
				2BD4CD8C24EEDC4900BCA0D5 /* MemoryShowViewController.swift */,
			);
			path = View;
			sourceTree = "<group>";
		};
		2BD4CD8B24EEDC3000BCA0D5 /* ViewModel */ = {
			isa = PBXGroup;
			children = (
				2BD4CD8E24EEDC5F00BCA0D5 /* MemoryShowViewModel.swift */,
			);
			path = ViewModel;
			sourceTree = "<group>";
		};
		2BD4CD9224EEF16300BCA0D5 /* App */ = {
			isa = PBXGroup;
			children = (
				2BD4CD9324EEF17400BCA0D5 /* AppCoordinator.swift */,
			);
			path = App;
			sourceTree = "<group>";
		};
		2BD4CD9524EEFC1E00BCA0D5 /* ImageProposalSheet */ = {
			isa = PBXGroup;
			children = (
				2BD4CD9624EEFD4D00BCA0D5 /* ImageProposalSheetController.swift */,
				2BD4CD9824EEFD6500BCA0D5 /* ImageProposalViewModel.swift */,
				2BD4CD9A24EF104600BCA0D5 /* ImagesProposalCoordinator.swift */,
			);
			path = ImageProposalSheet;
			sourceTree = "<group>";
		};
		6E3DB1B36F17ADB64E364AEA /* Pods */ = {
			isa = PBXGroup;
			children = (
				9EA38423ED02106646ABD875 /* Pods-Cozy.debug.xcconfig */,
				392D86B353E56D3881C36505 /* Pods-Cozy.release.xcconfig */,
			);
			path = Pods;
			sourceTree = "<group>";
		};
		713520CC0700BE7D6DA57992 /* Frameworks */ = {
			isa = PBXGroup;
			children = (
				0FC798F2920457D08D7A46D4 /* Pods_Cozy.framework */,
			);
			name = Frameworks;
			sourceTree = "<group>";
		};
/* End PBXGroup section */

/* Begin PBXNativeTarget section */
		2B0748A724E5E3FA0031D203 /* Cozy */ = {
			isa = PBXNativeTarget;
			buildConfigurationList = 2B0748BF24E5E3FA0031D203 /* Build configuration list for PBXNativeTarget "Cozy" */;
			buildPhases = (
				80CB8F7B15A40CDCF03923AE /* [CP] Check Pods Manifest.lock */,
				2B0748A424E5E3FA0031D203 /* Sources */,
				2B0748A524E5E3FA0031D203 /* Frameworks */,
				2B0748A624E5E3FA0031D203 /* Resources */,
				3737A163EBDB474FC6343099 /* [CP] Embed Pods Frameworks */,
			);
			buildRules = (
			);
			dependencies = (
			);
			name = Cozy;
			productName = Cozy;
			productReference = 2B0748A824E5E3FA0031D203 /* Cozy.app */;
			productType = "com.apple.product-type.application";
		};
/* End PBXNativeTarget section */

/* Begin PBXProject section */
		2B0748A024E5E3FA0031D203 /* Project object */ = {
			isa = PBXProject;
			attributes = {
				LastSwiftUpdateCheck = 1150;
				LastUpgradeCheck = 1150;
				ORGANIZATIONNAME = "Uladzislau Volchyk";
				TargetAttributes = {
					2B0748A724E5E3FA0031D203 = {
						CreatedOnToolsVersion = 11.5;
					};
				};
			};
			buildConfigurationList = 2B0748A324E5E3FA0031D203 /* Build configuration list for PBXProject "Cozy" */;
			compatibilityVersion = "Xcode 9.3";
			developmentRegion = en;
			hasScannedForEncodings = 0;
			knownRegions = (
				en,
				Base,
			);
			mainGroup = 2B07489F24E5E3FA0031D203;
			productRefGroup = 2B0748A924E5E3FA0031D203 /* Products */;
			projectDirPath = "";
			projectRoot = "";
			targets = (
				2B0748A724E5E3FA0031D203 /* Cozy */,
			);
		};
/* End PBXProject section */

/* Begin PBXResourcesBuildPhase section */
		2B0748A624E5E3FA0031D203 /* Resources */ = {
			isa = PBXResourcesBuildPhase;
			buildActionMask = 2147483647;
			files = (
				2B0748BB24E5E3FA0031D203 /* LaunchScreen.storyboard in Resources */,
				2B0748B824E5E3FA0031D203 /* Assets.xcassets in Resources */,
			);
			runOnlyForDeploymentPostprocessing = 0;
		};
/* End PBXResourcesBuildPhase section */

/* Begin PBXShellScriptBuildPhase section */
		3737A163EBDB474FC6343099 /* [CP] Embed Pods Frameworks */ = {
			isa = PBXShellScriptBuildPhase;
			buildActionMask = 2147483647;
			files = (
			);
			inputFileListPaths = (
				"${PODS_ROOT}/Target Support Files/Pods-Cozy/Pods-Cozy-frameworks-${CONFIGURATION}-input-files.xcfilelist",
			);
			name = "[CP] Embed Pods Frameworks";
			outputFileListPaths = (
				"${PODS_ROOT}/Target Support Files/Pods-Cozy/Pods-Cozy-frameworks-${CONFIGURATION}-output-files.xcfilelist",
			);
			runOnlyForDeploymentPostprocessing = 0;
			shellPath = /bin/sh;
			shellScript = "\"${PODS_ROOT}/Target Support Files/Pods-Cozy/Pods-Cozy-frameworks.sh\"\n";
			showEnvVarsInLog = 0;
		};
		80CB8F7B15A40CDCF03923AE /* [CP] Check Pods Manifest.lock */ = {
			isa = PBXShellScriptBuildPhase;
			buildActionMask = 2147483647;
			files = (
			);
			inputFileListPaths = (
			);
			inputPaths = (
				"${PODS_PODFILE_DIR_PATH}/Podfile.lock",
				"${PODS_ROOT}/Manifest.lock",
			);
			name = "[CP] Check Pods Manifest.lock";
			outputFileListPaths = (
			);
			outputPaths = (
				"$(DERIVED_FILE_DIR)/Pods-Cozy-checkManifestLockResult.txt",
			);
			runOnlyForDeploymentPostprocessing = 0;
			shellPath = /bin/sh;
			shellScript = "diff \"${PODS_PODFILE_DIR_PATH}/Podfile.lock\" \"${PODS_ROOT}/Manifest.lock\" > /dev/null\nif [ $? != 0 ] ; then\n    # print error to STDERR\n    echo \"error: The sandbox is not in sync with the Podfile.lock. Run 'pod install' or update your CocoaPods installation.\" >&2\n    exit 1\nfi\n# This output is used by Xcode 'outputs' to avoid re-running this script phase.\necho \"SUCCESS\" > \"${SCRIPT_OUTPUT_FILE_0}\"\n";
			showEnvVarsInLog = 0;
		};
/* End PBXShellScriptBuildPhase section */

/* Begin PBXSourcesBuildPhase section */
		2B0748A424E5E3FA0031D203 /* Sources */ = {
			isa = PBXSourcesBuildPhase;
			buildActionMask = 2147483647;
			files = (
				2BD4CD8024ED704D00BCA0D5 /* ImageDetailCoordinator.swift in Sources */,
				2B574CAE24E7D4190071D97C /* MemoryCreateViewController.swift in Sources */,
				2B44B5D624F48D4B00BC229A /* MemorySearchController.swift in Sources */,
				2B402C0424F3118000B40319 /* PageTabBarController.swift in Sources */,
				2B44B5CE24F4891E00BC229A /* UIImage+Extensions.swift in Sources */,
				2B44B5D824F48D7F00BC229A /* MemorySearchViewModel.swift in Sources */,
				2B574CB924E83DC10071D97C /* MemoryCollectionViewController.swift in Sources */,
				2B574CAC24E7D3F00071D97C /* BaseViewController.swift in Sources */,
				2B574CB024E7E2300071D97C /* MemoryCreateViewModel.swift in Sources */,
				2B574CBB24E842160071D97C /* MemoryCollectionViewCell.swift in Sources */,
				2B574CC024E84A060071D97C /* Synchronizer.swift in Sources */,
				2BD4CD9724EEFD4D00BCA0D5 /* ImageProposalSheetController.swift in Sources */,
				2BD4CD8724EECB5700BCA0D5 /* MemoryCollectionCoordinator.swift in Sources */,
				2BD4CD9124EEE12D00BCA0D5 /* MemoryShowCoordinator.swift in Sources */,
				2B0748B024E5E3FA0031D203 /* ViewController.swift in Sources */,
				2B402C1924F3D88800B40319 /* GraffitiCreateCoordinator.swift in Sources */,
				2B44B5C624F3F47D00BC229A /* CoreGraffitiChunk+CoreDataClass.swift in Sources */,
				2B574CBD24E849180071D97C /* MemoryCollectionViewModel.swift in Sources */,
				2B59E31C24E9342A0084F118 /* MemoryCreateCells.swift in Sources */,
				2B44B5CC24F488E900BC229A /* UIStackView+Extensions.swift in Sources */,
				2B0748AC24E5E3FA0031D203 /* AppDelegate.swift in Sources */,
				2BD4CD8F24EEDC5F00BCA0D5 /* MemoryShowViewModel.swift in Sources */,
				2B44B5CA24F488B900BC229A /* UIFont+Extensions.swift in Sources */,
				2B574CB624E83B940071D97C /* Business.swift in Sources */,
				2B44B5D024F4893900BC229A /* UIView+Extensions.swift in Sources */,
				2B402C0E24F3B33600B40319 /* MapCreateCoordinator.swift in Sources */,
				2BD4CD7624ED630000BCA0D5 /* MemoryCreateCoordinator.swift in Sources */,
				2BD4CD8224EDAD2100BCA0D5 /* PageViewController.swift in Sources */,
				2B402C1524F3D75200B40319 /* GraffitiCreateViewController.swift in Sources */,
				2BD4CD8424EE85CC00BCA0D5 /* ButtonsPanel.swift in Sources */,
				2B6DF78B24EB0C4D00B94C21 /* CorePhotoChunk+CoreDataClass.swift in Sources */,
				2BD4CD9B24EF104600BCA0D5 /* ImagesProposalCoordinator.swift in Sources */,
				2BD4CD8D24EEDC4900BCA0D5 /* MemoryShowViewController.swift in Sources */,
				2BD4CD9424EEF17400BCA0D5 /* AppCoordinator.swift in Sources */,
				2B574CD624E850DA0071D97C /* CoreTextChunk+CoreDataClass.swift in Sources */,
				2B402C0C24F3B24400B40319 /* MapCreateViewModel.swift in Sources */,
				2B0748B624E5E3FA0031D203 /* Cozy.xcdatamodeld in Sources */,
				2B402C1724F3D75C00B40319 /* GraffitiCreateViewModel.swift in Sources */,
				2B402C0A24F3B23500B40319 /* MapCreateViewController.swift in Sources */,
				2BD4CD7E24ED703700BCA0D5 /* ImageDetailViewModel.swift in Sources */,
				2B0748AE24E5E3FA0031D203 /* SceneDelegate.swift in Sources */,
				2BD4CD9924EEFD6500BCA0D5 /* ImageProposalViewModel.swift in Sources */,
				2B59E31A24E933F80084F118 /* Helpers.swift in Sources */,
				2BD4CD7C24ED702900BCA0D5 /* ImageDetailViewController.swift in Sources */,
				2B574CD824E850DA0071D97C /* CoreMemory+CoreDataClass.swift in Sources */,
				2B44B5DB24F4915F00BC229A /* MemorySearchCoordinator.swift in Sources */,
			);
			runOnlyForDeploymentPostprocessing = 0;
		};
/* End PBXSourcesBuildPhase section */

/* Begin PBXVariantGroup section */
		2B0748B924E5E3FA0031D203 /* LaunchScreen.storyboard */ = {
			isa = PBXVariantGroup;
			children = (
				2B0748BA24E5E3FA0031D203 /* Base */,
			);
			name = LaunchScreen.storyboard;
			sourceTree = "<group>";
		};
/* End PBXVariantGroup section */

/* Begin XCBuildConfiguration section */
		2B0748BD24E5E3FA0031D203 /* Debug */ = {
			isa = XCBuildConfiguration;
			buildSettings = {
				ALWAYS_SEARCH_USER_PATHS = NO;
				CLANG_ANALYZER_NONNULL = YES;
				CLANG_ANALYZER_NUMBER_OBJECT_CONVERSION = YES_AGGRESSIVE;
				CLANG_CXX_LANGUAGE_STANDARD = "gnu++14";
				CLANG_CXX_LIBRARY = "libc++";
				CLANG_ENABLE_MODULES = YES;
				CLANG_ENABLE_OBJC_ARC = YES;
				CLANG_ENABLE_OBJC_WEAK = YES;
				CLANG_WARN_BLOCK_CAPTURE_AUTORELEASING = YES;
				CLANG_WARN_BOOL_CONVERSION = YES;
				CLANG_WARN_COMMA = YES;
				CLANG_WARN_CONSTANT_CONVERSION = YES;
				CLANG_WARN_DEPRECATED_OBJC_IMPLEMENTATIONS = YES;
				CLANG_WARN_DIRECT_OBJC_ISA_USAGE = YES_ERROR;
				CLANG_WARN_DOCUMENTATION_COMMENTS = YES;
				CLANG_WARN_EMPTY_BODY = YES;
				CLANG_WARN_ENUM_CONVERSION = YES;
				CLANG_WARN_INFINITE_RECURSION = YES;
				CLANG_WARN_INT_CONVERSION = YES;
				CLANG_WARN_NON_LITERAL_NULL_CONVERSION = YES;
				CLANG_WARN_OBJC_IMPLICIT_RETAIN_SELF = YES;
				CLANG_WARN_OBJC_LITERAL_CONVERSION = YES;
				CLANG_WARN_OBJC_ROOT_CLASS = YES_ERROR;
				CLANG_WARN_RANGE_LOOP_ANALYSIS = YES;
				CLANG_WARN_STRICT_PROTOTYPES = YES;
				CLANG_WARN_SUSPICIOUS_MOVE = YES;
				CLANG_WARN_UNGUARDED_AVAILABILITY = YES_AGGRESSIVE;
				CLANG_WARN_UNREACHABLE_CODE = YES;
				CLANG_WARN__DUPLICATE_METHOD_MATCH = YES;
				COPY_PHASE_STRIP = NO;
				DEBUG_INFORMATION_FORMAT = dwarf;
				ENABLE_STRICT_OBJC_MSGSEND = YES;
				ENABLE_TESTABILITY = YES;
				GCC_C_LANGUAGE_STANDARD = gnu11;
				GCC_DYNAMIC_NO_PIC = NO;
				GCC_NO_COMMON_BLOCKS = YES;
				GCC_OPTIMIZATION_LEVEL = 0;
				GCC_PREPROCESSOR_DEFINITIONS = (
					"DEBUG=1",
					"$(inherited)",
				);
				GCC_WARN_64_TO_32_BIT_CONVERSION = YES;
				GCC_WARN_ABOUT_RETURN_TYPE = YES_ERROR;
				GCC_WARN_UNDECLARED_SELECTOR = YES;
				GCC_WARN_UNINITIALIZED_AUTOS = YES_AGGRESSIVE;
				GCC_WARN_UNUSED_FUNCTION = YES;
				GCC_WARN_UNUSED_VARIABLE = YES;
				IPHONEOS_DEPLOYMENT_TARGET = 13.5;
				MTL_ENABLE_DEBUG_INFO = INCLUDE_SOURCE;
				MTL_FAST_MATH = YES;
				ONLY_ACTIVE_ARCH = YES;
				SDKROOT = iphoneos;
				SWIFT_ACTIVE_COMPILATION_CONDITIONS = DEBUG;
				SWIFT_OPTIMIZATION_LEVEL = "-Onone";
			};
			name = Debug;
		};
		2B0748BE24E5E3FA0031D203 /* Release */ = {
			isa = XCBuildConfiguration;
			buildSettings = {
				ALWAYS_SEARCH_USER_PATHS = NO;
				CLANG_ANALYZER_NONNULL = YES;
				CLANG_ANALYZER_NUMBER_OBJECT_CONVERSION = YES_AGGRESSIVE;
				CLANG_CXX_LANGUAGE_STANDARD = "gnu++14";
				CLANG_CXX_LIBRARY = "libc++";
				CLANG_ENABLE_MODULES = YES;
				CLANG_ENABLE_OBJC_ARC = YES;
				CLANG_ENABLE_OBJC_WEAK = YES;
				CLANG_WARN_BLOCK_CAPTURE_AUTORELEASING = YES;
				CLANG_WARN_BOOL_CONVERSION = YES;
				CLANG_WARN_COMMA = YES;
				CLANG_WARN_CONSTANT_CONVERSION = YES;
				CLANG_WARN_DEPRECATED_OBJC_IMPLEMENTATIONS = YES;
				CLANG_WARN_DIRECT_OBJC_ISA_USAGE = YES_ERROR;
				CLANG_WARN_DOCUMENTATION_COMMENTS = YES;
				CLANG_WARN_EMPTY_BODY = YES;
				CLANG_WARN_ENUM_CONVERSION = YES;
				CLANG_WARN_INFINITE_RECURSION = YES;
				CLANG_WARN_INT_CONVERSION = YES;
				CLANG_WARN_NON_LITERAL_NULL_CONVERSION = YES;
				CLANG_WARN_OBJC_IMPLICIT_RETAIN_SELF = YES;
				CLANG_WARN_OBJC_LITERAL_CONVERSION = YES;
				CLANG_WARN_OBJC_ROOT_CLASS = YES_ERROR;
				CLANG_WARN_RANGE_LOOP_ANALYSIS = YES;
				CLANG_WARN_STRICT_PROTOTYPES = YES;
				CLANG_WARN_SUSPICIOUS_MOVE = YES;
				CLANG_WARN_UNGUARDED_AVAILABILITY = YES_AGGRESSIVE;
				CLANG_WARN_UNREACHABLE_CODE = YES;
				CLANG_WARN__DUPLICATE_METHOD_MATCH = YES;
				COPY_PHASE_STRIP = NO;
				DEBUG_INFORMATION_FORMAT = "dwarf-with-dsym";
				ENABLE_NS_ASSERTIONS = NO;
				ENABLE_STRICT_OBJC_MSGSEND = YES;
				GCC_C_LANGUAGE_STANDARD = gnu11;
				GCC_NO_COMMON_BLOCKS = YES;
				GCC_WARN_64_TO_32_BIT_CONVERSION = YES;
				GCC_WARN_ABOUT_RETURN_TYPE = YES_ERROR;
				GCC_WARN_UNDECLARED_SELECTOR = YES;
				GCC_WARN_UNINITIALIZED_AUTOS = YES_AGGRESSIVE;
				GCC_WARN_UNUSED_FUNCTION = YES;
				GCC_WARN_UNUSED_VARIABLE = YES;
				IPHONEOS_DEPLOYMENT_TARGET = 13.5;
				MTL_ENABLE_DEBUG_INFO = NO;
				MTL_FAST_MATH = YES;
				SDKROOT = iphoneos;
				SWIFT_COMPILATION_MODE = wholemodule;
				SWIFT_OPTIMIZATION_LEVEL = "-O";
				VALIDATE_PRODUCT = YES;
			};
			name = Release;
		};
		2B0748C024E5E3FA0031D203 /* Debug */ = {
			isa = XCBuildConfiguration;
			baseConfigurationReference = 9EA38423ED02106646ABD875 /* Pods-Cozy.debug.xcconfig */;
			buildSettings = {
				ASSETCATALOG_COMPILER_APPICON_NAME = AppIcon;
				CODE_SIGN_STYLE = Automatic;
				DEVELOPMENT_TEAM = 7YP67DVLV3;
				INFOPLIST_FILE = Cozy/Info.plist;
				IPHONEOS_DEPLOYMENT_TARGET = 13.0;
				LD_RUNPATH_SEARCH_PATHS = (
					"$(inherited)",
					"@executable_path/Frameworks",
				);
				PRODUCT_BUNDLE_IDENTIFIER = com.uvolchyk.Cozy;
				PRODUCT_NAME = "$(TARGET_NAME)";
				SWIFT_VERSION = 5.0;
				TARGETED_DEVICE_FAMILY = "1,2";
			};
			name = Debug;
		};
		2B0748C124E5E3FA0031D203 /* Release */ = {
			isa = XCBuildConfiguration;
			baseConfigurationReference = 392D86B353E56D3881C36505 /* Pods-Cozy.release.xcconfig */;
			buildSettings = {
				ASSETCATALOG_COMPILER_APPICON_NAME = AppIcon;
				CODE_SIGN_STYLE = Automatic;
				DEVELOPMENT_TEAM = 7YP67DVLV3;
				INFOPLIST_FILE = Cozy/Info.plist;
				IPHONEOS_DEPLOYMENT_TARGET = 13.0;
				LD_RUNPATH_SEARCH_PATHS = (
					"$(inherited)",
					"@executable_path/Frameworks",
				);
				PRODUCT_BUNDLE_IDENTIFIER = com.uvolchyk.Cozy;
				PRODUCT_NAME = "$(TARGET_NAME)";
				SWIFT_VERSION = 5.0;
				TARGETED_DEVICE_FAMILY = "1,2";
			};
			name = Release;
		};
/* End XCBuildConfiguration section */

/* Begin XCConfigurationList section */
		2B0748A324E5E3FA0031D203 /* Build configuration list for PBXProject "Cozy" */ = {
			isa = XCConfigurationList;
			buildConfigurations = (
				2B0748BD24E5E3FA0031D203 /* Debug */,
				2B0748BE24E5E3FA0031D203 /* Release */,
			);
			defaultConfigurationIsVisible = 0;
			defaultConfigurationName = Release;
		};
		2B0748BF24E5E3FA0031D203 /* Build configuration list for PBXNativeTarget "Cozy" */ = {
			isa = XCConfigurationList;
			buildConfigurations = (
				2B0748C024E5E3FA0031D203 /* Debug */,
				2B0748C124E5E3FA0031D203 /* Release */,
			);
			defaultConfigurationIsVisible = 0;
			defaultConfigurationName = Release;
		};
/* End XCConfigurationList section */

/* Begin XCVersionGroup section */
		2B0748B424E5E3FA0031D203 /* Cozy.xcdatamodeld */ = {
			isa = XCVersionGroup;
			children = (
				2B0748B524E5E3FA0031D203 /* Cozy.xcdatamodel */,
			);
			currentVersion = 2B0748B524E5E3FA0031D203 /* Cozy.xcdatamodel */;
			path = Cozy.xcdatamodeld;
			sourceTree = "<group>";
			versionGroupType = wrapper.xcdatamodel;
		};
/* End XCVersionGroup section */
	};
	rootObject = 2B0748A024E5E3FA0031D203 /* Project object */;
}
