// !$*UTF8*$!
{
	archiveVersion = 1;
	classes = {
	};
	objectVersion = 51;
	objects = {

/* Begin PBXBuildFile section */
		2B0748AC24E5E3FA0031D203 /* AppDelegate.swift in Sources */ = {isa = PBXBuildFile; fileRef = 2B0748AB24E5E3FA0031D203 /* AppDelegate.swift */; };
		2B0748AE24E5E3FA0031D203 /* SceneDelegate.swift in Sources */ = {isa = PBXBuildFile; fileRef = 2B0748AD24E5E3FA0031D203 /* SceneDelegate.swift */; };
		2B0748B024E5E3FA0031D203 /* ViewController.swift in Sources */ = {isa = PBXBuildFile; fileRef = 2B0748AF24E5E3FA0031D203 /* ViewController.swift */; };
		2B0748B624E5E3FA0031D203 /* Cozy.xcdatamodeld in Sources */ = {isa = PBXBuildFile; fileRef = 2B0748B424E5E3FA0031D203 /* Cozy.xcdatamodeld */; };
		2B0748B824E5E3FA0031D203 /* Assets.xcassets in Resources */ = {isa = PBXBuildFile; fileRef = 2B0748B724E5E3FA0031D203 /* Assets.xcassets */; };
		2B0748BB24E5E3FA0031D203 /* LaunchScreen.storyboard in Resources */ = {isa = PBXBuildFile; fileRef = 2B0748B924E5E3FA0031D203 /* LaunchScreen.storyboard */; };
		2B402C0424F3118000B40319 /* PageTabBarController.swift in Sources */ = {isa = PBXBuildFile; fileRef = 2B402C0324F3118000B40319 /* PageTabBarController.swift */; };
		2B402C0A24F3B23500B40319 /* MapCreateViewController.swift in Sources */ = {isa = PBXBuildFile; fileRef = 2B402C0924F3B23500B40319 /* MapCreateViewController.swift */; };
		2B402C0C24F3B24400B40319 /* MapCreateViewModel.swift in Sources */ = {isa = PBXBuildFile; fileRef = 2B402C0B24F3B24400B40319 /* MapCreateViewModel.swift */; };
		2B402C0E24F3B33600B40319 /* MapCreateCoordinator.swift in Sources */ = {isa = PBXBuildFile; fileRef = 2B402C0D24F3B33600B40319 /* MapCreateCoordinator.swift */; };
		2B402C1524F3D75200B40319 /* GraffitiCreateViewController.swift in Sources */ = {isa = PBXBuildFile; fileRef = 2B402C1424F3D75200B40319 /* GraffitiCreateViewController.swift */; };
		2B402C1724F3D75C00B40319 /* GraffitiCreateViewModel.swift in Sources */ = {isa = PBXBuildFile; fileRef = 2B402C1624F3D75C00B40319 /* GraffitiCreateViewModel.swift */; };
		2B402C1924F3D88800B40319 /* GraffitiCreateCoordinator.swift in Sources */ = {isa = PBXBuildFile; fileRef = 2B402C1824F3D88800B40319 /* GraffitiCreateCoordinator.swift */; };
		2B44B5C624F3F47D00BC229A /* CoreGraffitiChunk+CoreDataClass.swift in Sources */ = {isa = PBXBuildFile; fileRef = 2B44B5C424F3F47D00BC229A /* CoreGraffitiChunk+CoreDataClass.swift */; };
		2B44B5CA24F488B900BC229A /* UIFont+Extensions.swift in Sources */ = {isa = PBXBuildFile; fileRef = 2B44B5C924F488B900BC229A /* UIFont+Extensions.swift */; };
		2B44B5CC24F488E900BC229A /* UIStackView+Extensions.swift in Sources */ = {isa = PBXBuildFile; fileRef = 2B44B5CB24F488E900BC229A /* UIStackView+Extensions.swift */; };
		2B44B5CE24F4891E00BC229A /* UIImage+Extensions.swift in Sources */ = {isa = PBXBuildFile; fileRef = 2B44B5CD24F4891E00BC229A /* UIImage+Extensions.swift */; };
		2B44B5D024F4893900BC229A /* UIView+Extensions.swift in Sources */ = {isa = PBXBuildFile; fileRef = 2B44B5CF24F4893900BC229A /* UIView+Extensions.swift */; };
		2B44B5D624F48D4B00BC229A /* MemorySearchController.swift in Sources */ = {isa = PBXBuildFile; fileRef = 2B44B5D524F48D4B00BC229A /* MemorySearchController.swift */; };
		2B44B5D824F48D7F00BC229A /* MemorySearchViewModel.swift in Sources */ = {isa = PBXBuildFile; fileRef = 2B44B5D724F48D7F00BC229A /* MemorySearchViewModel.swift */; };
		2B44B5DB24F4915F00BC229A /* MemorySearchCoordinator.swift in Sources */ = {isa = PBXBuildFile; fileRef = 2B44B5DA24F4915F00BC229A /* MemorySearchCoordinator.swift */; };
		2B574CAC24E7D3F00071D97C /* NMViewController.swift in Sources */ = {isa = PBXBuildFile; fileRef = 2B574CAB24E7D3F00071D97C /* NMViewController.swift */; };
		2B574CAE24E7D4190071D97C /* MemoryCreateViewController.swift in Sources */ = {isa = PBXBuildFile; fileRef = 2B574CAD24E7D4190071D97C /* MemoryCreateViewController.swift */; };
		2B574CB024E7E2300071D97C /* MemoryCreateViewModel.swift in Sources */ = {isa = PBXBuildFile; fileRef = 2B574CAF24E7E2300071D97C /* MemoryCreateViewModel.swift */; };
		2B574CB624E83B940071D97C /* Business.swift in Sources */ = {isa = PBXBuildFile; fileRef = 2B574CB524E83B940071D97C /* Business.swift */; };
		2B574CB924E83DC10071D97C /* MemoryCollectionViewController.swift in Sources */ = {isa = PBXBuildFile; fileRef = 2B574CB824E83DC10071D97C /* MemoryCollectionViewController.swift */; };
		2B574CBB24E842160071D97C /* MemoryCollectionViewCell.swift in Sources */ = {isa = PBXBuildFile; fileRef = 2B574CBA24E842160071D97C /* MemoryCollectionViewCell.swift */; };
		2B574CBD24E849180071D97C /* MemoryCollectionViewModel.swift in Sources */ = {isa = PBXBuildFile; fileRef = 2B574CBC24E849180071D97C /* MemoryCollectionViewModel.swift */; };
		2B574CC024E84A060071D97C /* Synchronizer.swift in Sources */ = {isa = PBXBuildFile; fileRef = 2B574CBF24E84A060071D97C /* Synchronizer.swift */; };
		2B574CD624E850DA0071D97C /* CoreTextChunk+CoreDataClass.swift in Sources */ = {isa = PBXBuildFile; fileRef = 2B574CD224E850DA0071D97C /* CoreTextChunk+CoreDataClass.swift */; };
		2B574CD824E850DA0071D97C /* CoreMemory+CoreDataClass.swift in Sources */ = {isa = PBXBuildFile; fileRef = 2B574CD424E850DA0071D97C /* CoreMemory+CoreDataClass.swift */; };
		2B58A35424F857B1002AD76E /* ImageDetailTransition.swift in Sources */ = {isa = PBXBuildFile; fileRef = 2B58A35324F857B1002AD76E /* ImageDetailTransition.swift */; };
		2B58A35A24F8596D002AD76E /* UnsplashImageCollectionDataSource.swift in Sources */ = {isa = PBXBuildFile; fileRef = 2B58A35924F8596D002AD76E /* UnsplashImageCollectionDataSource.swift */; };
		2B58A35D24F85A0A002AD76E /* UnsplashCollectionCommonCell.swift in Sources */ = {isa = PBXBuildFile; fileRef = 2B58A35C24F85A0A002AD76E /* UnsplashCollectionCommonCell.swift */; };
		2B58A36224F866BB002AD76E /* MemoryEditViewController.swift in Sources */ = {isa = PBXBuildFile; fileRef = 2B58A36124F866BB002AD76E /* MemoryEditViewController.swift */; };
		2B58A36524F8672C002AD76E /* MemoryEditChunkViews.swift in Sources */ = {isa = PBXBuildFile; fileRef = 2B58A36424F8672C002AD76E /* MemoryEditChunkViews.swift */; };
		2B58A36C24F86A44002AD76E /* MemoryEditCoordinator.swift in Sources */ = {isa = PBXBuildFile; fileRef = 2B58A36B24F86A44002AD76E /* MemoryEditCoordinator.swift */; };
		2B58A36F24F86C74002AD76E /* MemoryEditViewModel.swift in Sources */ = {isa = PBXBuildFile; fileRef = 2B58A36E24F86C74002AD76E /* MemoryEditViewModel.swift */; };
		2B58A37A24F9AA96002AD76E /* MemoryCollectionCoordinator.swift in Sources */ = {isa = PBXBuildFile; fileRef = 2B58A37924F9AA96002AD76E /* MemoryCollectionCoordinator.swift */; };
		2B58A38324FB17BC002AD76E /* NMCollectionViewCell.swift in Sources */ = {isa = PBXBuildFile; fileRef = 2B58A38224FB17BC002AD76E /* NMCollectionViewCell.swift */; };
		2B58A38724FB1EE1002AD76E /* NMButton.swift in Sources */ = {isa = PBXBuildFile; fileRef = 2B58A38624FB1EE1002AD76E /* NMButton.swift */; };
		2B58A38A24FB933E002AD76E /* NMNavigationBar.swift in Sources */ = {isa = PBXBuildFile; fileRef = 2B58A38924FB933E002AD76E /* NMNavigationBar.swift */; };
		2B58A38C24FBB7FD002AD76E /* NMNavigationController.swift in Sources */ = {isa = PBXBuildFile; fileRef = 2B58A38B24FBB7FD002AD76E /* NMNavigationController.swift */; };
		2B59E31A24E933F80084F118 /* Helpers.swift in Sources */ = {isa = PBXBuildFile; fileRef = 2B59E31924E933F80084F118 /* Helpers.swift */; };
		2B5C578024F672F0009C2285 /* UnsplashImageCollectionController.swift in Sources */ = {isa = PBXBuildFile; fileRef = 2B5C577F24F672F0009C2285 /* UnsplashImageCollectionController.swift */; };
		2B5C578224F67300009C2285 /* UnsplashImageCollectionViewModel.swift in Sources */ = {isa = PBXBuildFile; fileRef = 2B5C578124F67300009C2285 /* UnsplashImageCollectionViewModel.swift */; };
		2B5C578424F67334009C2285 /* UnsplashImageCollectionCoordinator.swift in Sources */ = {isa = PBXBuildFile; fileRef = 2B5C578324F67334009C2285 /* UnsplashImageCollectionCoordinator.swift */; };
		2B5C578924F67E87009C2285 /* UnsplashModels.swift in Sources */ = {isa = PBXBuildFile; fileRef = 2B5C578824F67E87009C2285 /* UnsplashModels.swift */; };
		2B5C578B24F67F62009C2285 /* UnsplashNetwork.swift in Sources */ = {isa = PBXBuildFile; fileRef = 2B5C578A24F67F62009C2285 /* UnsplashNetwork.swift */; };
		2B5C578E24F6AF77009C2285 /* UnsplashPhotoCache.swift in Sources */ = {isa = PBXBuildFile; fileRef = 2B5C578D24F6AF77009C2285 /* UnsplashPhotoCache.swift */; };
		2B5C579624F6CDFE009C2285 /* UnsplashImageDetailViewModel.swift in Sources */ = {isa = PBXBuildFile; fileRef = 2B5C579524F6CDFE009C2285 /* UnsplashImageDetailViewModel.swift */; };
		2B6DF78B24EB0C4D00B94C21 /* CorePhotoChunk+CoreDataClass.swift in Sources */ = {isa = PBXBuildFile; fileRef = 2B6DF78924EB0C4D00B94C21 /* CorePhotoChunk+CoreDataClass.swift */; };
		2BD4CD7624ED630000BCA0D5 /* MemoryCreateCoordinator.swift in Sources */ = {isa = PBXBuildFile; fileRef = 2BD4CD7524ED630000BCA0D5 /* MemoryCreateCoordinator.swift */; };
		2BD4CD7C24ED702900BCA0D5 /* ImageDetailViewController.swift in Sources */ = {isa = PBXBuildFile; fileRef = 2BD4CD7B24ED702900BCA0D5 /* ImageDetailViewController.swift */; };
		2BD4CD7E24ED703700BCA0D5 /* LocalImageDetailViewModel.swift in Sources */ = {isa = PBXBuildFile; fileRef = 2BD4CD7D24ED703700BCA0D5 /* LocalImageDetailViewModel.swift */; };
		2BD4CD8024ED704D00BCA0D5 /* LocalImageDetailCoordinator.swift in Sources */ = {isa = PBXBuildFile; fileRef = 2BD4CD7F24ED704D00BCA0D5 /* LocalImageDetailCoordinator.swift */; };
		2BD4CD8224EDAD2100BCA0D5 /* PageViewController.swift in Sources */ = {isa = PBXBuildFile; fileRef = 2BD4CD8124EDAD2100BCA0D5 /* PageViewController.swift */; };
		2BD4CD8424EE85CC00BCA0D5 /* ButtonsPanel.swift in Sources */ = {isa = PBXBuildFile; fileRef = 2BD4CD8324EE85CC00BCA0D5 /* ButtonsPanel.swift */; };
		2BD4CD8724EECB5700BCA0D5 /* MemoriesCollectionCoordinator.swift in Sources */ = {isa = PBXBuildFile; fileRef = 2BD4CD8624EECB5700BCA0D5 /* MemoriesCollectionCoordinator.swift */; };
		2BD4CD8D24EEDC4900BCA0D5 /* MemoryShowViewController.swift in Sources */ = {isa = PBXBuildFile; fileRef = 2BD4CD8C24EEDC4900BCA0D5 /* MemoryShowViewController.swift */; };
		2BD4CD8F24EEDC5F00BCA0D5 /* MemoryShowViewModel.swift in Sources */ = {isa = PBXBuildFile; fileRef = 2BD4CD8E24EEDC5F00BCA0D5 /* MemoryShowViewModel.swift */; };
		2BD4CD9124EEE12D00BCA0D5 /* MemoryShowCoordinator.swift in Sources */ = {isa = PBXBuildFile; fileRef = 2BD4CD9024EEE12D00BCA0D5 /* MemoryShowCoordinator.swift */; };
		2BD4CD9424EEF17400BCA0D5 /* AppCoordinator.swift in Sources */ = {isa = PBXBuildFile; fileRef = 2BD4CD9324EEF17400BCA0D5 /* AppCoordinator.swift */; };
		2BD4CD9724EEFD4D00BCA0D5 /* ImageProposalSheetController.swift in Sources */ = {isa = PBXBuildFile; fileRef = 2BD4CD9624EEFD4D00BCA0D5 /* ImageProposalSheetController.swift */; };
		2BD4CD9924EEFD6500BCA0D5 /* ImageProposalViewModel.swift in Sources */ = {isa = PBXBuildFile; fileRef = 2BD4CD9824EEFD6500BCA0D5 /* ImageProposalViewModel.swift */; };
		2BD4CD9B24EF104600BCA0D5 /* ImagesProposalCoordinator.swift in Sources */ = {isa = PBXBuildFile; fileRef = 2BD4CD9A24EF104600BCA0D5 /* ImagesProposalCoordinator.swift */; };
		2BFD46CE24FBE22D00485231 /* NMTextView.swift in Sources */ = {isa = PBXBuildFile; fileRef = 2BFD46CD24FBE22D00485231 /* NMTextView.swift */; };
		2BFD46D024FBF3C000485231 /* NMImageView.swift in Sources */ = {isa = PBXBuildFile; fileRef = 2BFD46CF24FBF3C000485231 /* NMImageView.swift */; };
		2BFD46D224FBF5E000485231 /* NMView.swift in Sources */ = {isa = PBXBuildFile; fileRef = 2BFD46D124FBF5E000485231 /* NMView.swift */; };
		2BFD46D524FC14D100485231 /* Constants.swift in Sources */ = {isa = PBXBuildFile; fileRef = 2BFD46D424FC14D100485231 /* Constants.swift */; };
		2BFD46D824FC547300485231 /* ThemeManager.swift in Sources */ = {isa = PBXBuildFile; fileRef = 2BFD46D724FC547300485231 /* ThemeManager.swift */; };
		2BFD46DA24FC610400485231 /* NMTabBarController.swift in Sources */ = {isa = PBXBuildFile; fileRef = 2BFD46D924FC610400485231 /* NMTabBarController.swift */; };
		2BFD46DE24FC6BE800485231 /* NMTabBarItem.swift in Sources */ = {isa = PBXBuildFile; fileRef = 2BFD46DD24FC6BE800485231 /* NMTabBarItem.swift */; };
		2BFD46E024FD78E200485231 /* UIColor+Extensions.swift in Sources */ = {isa = PBXBuildFile; fileRef = 2BFD46DF24FD78E200485231 /* UIColor+Extensions.swift */; };
		2BFD46E224FD9E7D00485231 /* NMAlertController.swift in Sources */ = {isa = PBXBuildFile; fileRef = 2BFD46E124FD9E7D00485231 /* NMAlertController.swift */; };
		2BFD46E824FDB3B400485231 /* NMCollectionView.swift in Sources */ = {isa = PBXBuildFile; fileRef = 2BFD46E724FDB3B400485231 /* NMCollectionView.swift */; };
		2BFD46EA24FDB45100485231 /* NMSearchController.swift in Sources */ = {isa = PBXBuildFile; fileRef = 2BFD46E924FDB45100485231 /* NMSearchController.swift */; };
		2BFD46EC24FDC86F00485231 /* NMLabel.swift in Sources */ = {isa = PBXBuildFile; fileRef = 2BFD46EB24FDC86F00485231 /* NMLabel.swift */; };
		2BFD46EF24FE71DF00485231 /* NMCanvasView.swift in Sources */ = {isa = PBXBuildFile; fileRef = 2BFD46EE24FE71DF00485231 /* NMCanvasView.swift */; };
		B3B88CF141F8D6A579ECA1EE /* Pods_Cozy.framework in Frameworks */ = {isa = PBXBuildFile; fileRef = 0FC798F2920457D08D7A46D4 /* Pods_Cozy.framework */; };
/* End PBXBuildFile section */

/* Begin PBXFileReference section */
		0FC798F2920457D08D7A46D4 /* Pods_Cozy.framework */ = {isa = PBXFileReference; explicitFileType = wrapper.framework; includeInIndex = 0; path = Pods_Cozy.framework; sourceTree = BUILT_PRODUCTS_DIR; };
		2B0748A824E5E3FA0031D203 /* Cozy.app */ = {isa = PBXFileReference; explicitFileType = wrapper.application; includeInIndex = 0; path = Cozy.app; sourceTree = BUILT_PRODUCTS_DIR; };
		2B0748AB24E5E3FA0031D203 /* AppDelegate.swift */ = {isa = PBXFileReference; lastKnownFileType = sourcecode.swift; path = AppDelegate.swift; sourceTree = "<group>"; };
		2B0748AD24E5E3FA0031D203 /* SceneDelegate.swift */ = {isa = PBXFileReference; lastKnownFileType = sourcecode.swift; path = SceneDelegate.swift; sourceTree = "<group>"; };
		2B0748AF24E5E3FA0031D203 /* ViewController.swift */ = {isa = PBXFileReference; lastKnownFileType = sourcecode.swift; path = ViewController.swift; sourceTree = "<group>"; };
		2B0748B524E5E3FA0031D203 /* Cozy.xcdatamodel */ = {isa = PBXFileReference; lastKnownFileType = wrapper.xcdatamodel; path = Cozy.xcdatamodel; sourceTree = "<group>"; };
		2B0748B724E5E3FA0031D203 /* Assets.xcassets */ = {isa = PBXFileReference; lastKnownFileType = folder.assetcatalog; path = Assets.xcassets; sourceTree = "<group>"; };
		2B0748BA24E5E3FA0031D203 /* Base */ = {isa = PBXFileReference; lastKnownFileType = file.storyboard; name = Base; path = Base.lproj/LaunchScreen.storyboard; sourceTree = "<group>"; };
		2B0748BC24E5E3FA0031D203 /* Info.plist */ = {isa = PBXFileReference; lastKnownFileType = text.plist.xml; path = Info.plist; sourceTree = "<group>"; };
		2B402C0324F3118000B40319 /* PageTabBarController.swift */ = {isa = PBXFileReference; lastKnownFileType = sourcecode.swift; path = PageTabBarController.swift; sourceTree = "<group>"; };
		2B402C0924F3B23500B40319 /* MapCreateViewController.swift */ = {isa = PBXFileReference; lastKnownFileType = sourcecode.swift; path = MapCreateViewController.swift; sourceTree = "<group>"; };
		2B402C0B24F3B24400B40319 /* MapCreateViewModel.swift */ = {isa = PBXFileReference; lastKnownFileType = sourcecode.swift; path = MapCreateViewModel.swift; sourceTree = "<group>"; };
		2B402C0D24F3B33600B40319 /* MapCreateCoordinator.swift */ = {isa = PBXFileReference; lastKnownFileType = sourcecode.swift; path = MapCreateCoordinator.swift; sourceTree = "<group>"; };
		2B402C1424F3D75200B40319 /* GraffitiCreateViewController.swift */ = {isa = PBXFileReference; lastKnownFileType = sourcecode.swift; path = GraffitiCreateViewController.swift; sourceTree = "<group>"; };
		2B402C1624F3D75C00B40319 /* GraffitiCreateViewModel.swift */ = {isa = PBXFileReference; lastKnownFileType = sourcecode.swift; path = GraffitiCreateViewModel.swift; sourceTree = "<group>"; };
		2B402C1824F3D88800B40319 /* GraffitiCreateCoordinator.swift */ = {isa = PBXFileReference; lastKnownFileType = sourcecode.swift; path = GraffitiCreateCoordinator.swift; sourceTree = "<group>"; };
		2B44B5C424F3F47D00BC229A /* CoreGraffitiChunk+CoreDataClass.swift */ = {isa = PBXFileReference; lastKnownFileType = sourcecode.swift; path = "CoreGraffitiChunk+CoreDataClass.swift"; sourceTree = "<group>"; };
		2B44B5C924F488B900BC229A /* UIFont+Extensions.swift */ = {isa = PBXFileReference; lastKnownFileType = sourcecode.swift; path = "UIFont+Extensions.swift"; sourceTree = "<group>"; };
		2B44B5CB24F488E900BC229A /* UIStackView+Extensions.swift */ = {isa = PBXFileReference; lastKnownFileType = sourcecode.swift; path = "UIStackView+Extensions.swift"; sourceTree = "<group>"; };
		2B44B5CD24F4891E00BC229A /* UIImage+Extensions.swift */ = {isa = PBXFileReference; lastKnownFileType = sourcecode.swift; path = "UIImage+Extensions.swift"; sourceTree = "<group>"; };
		2B44B5CF24F4893900BC229A /* UIView+Extensions.swift */ = {isa = PBXFileReference; lastKnownFileType = sourcecode.swift; path = "UIView+Extensions.swift"; sourceTree = "<group>"; };
		2B44B5D524F48D4B00BC229A /* MemorySearchController.swift */ = {isa = PBXFileReference; lastKnownFileType = sourcecode.swift; path = MemorySearchController.swift; sourceTree = "<group>"; };
		2B44B5D724F48D7F00BC229A /* MemorySearchViewModel.swift */ = {isa = PBXFileReference; lastKnownFileType = sourcecode.swift; path = MemorySearchViewModel.swift; sourceTree = "<group>"; };
		2B44B5DA24F4915F00BC229A /* MemorySearchCoordinator.swift */ = {isa = PBXFileReference; lastKnownFileType = sourcecode.swift; path = MemorySearchCoordinator.swift; sourceTree = "<group>"; };
		2B574CAB24E7D3F00071D97C /* NMViewController.swift */ = {isa = PBXFileReference; lastKnownFileType = sourcecode.swift; path = NMViewController.swift; sourceTree = "<group>"; };
		2B574CAD24E7D4190071D97C /* MemoryCreateViewController.swift */ = {isa = PBXFileReference; lastKnownFileType = sourcecode.swift; path = MemoryCreateViewController.swift; sourceTree = "<group>"; };
		2B574CAF24E7E2300071D97C /* MemoryCreateViewModel.swift */ = {isa = PBXFileReference; lastKnownFileType = sourcecode.swift; path = MemoryCreateViewModel.swift; sourceTree = "<group>"; };
		2B574CB524E83B940071D97C /* Business.swift */ = {isa = PBXFileReference; lastKnownFileType = sourcecode.swift; path = Business.swift; sourceTree = "<group>"; };
		2B574CB824E83DC10071D97C /* MemoryCollectionViewController.swift */ = {isa = PBXFileReference; lastKnownFileType = sourcecode.swift; path = MemoryCollectionViewController.swift; sourceTree = "<group>"; };
		2B574CBA24E842160071D97C /* MemoryCollectionViewCell.swift */ = {isa = PBXFileReference; lastKnownFileType = sourcecode.swift; path = MemoryCollectionViewCell.swift; sourceTree = "<group>"; };
		2B574CBC24E849180071D97C /* MemoryCollectionViewModel.swift */ = {isa = PBXFileReference; lastKnownFileType = sourcecode.swift; path = MemoryCollectionViewModel.swift; sourceTree = "<group>"; };
		2B574CBF24E84A060071D97C /* Synchronizer.swift */ = {isa = PBXFileReference; lastKnownFileType = sourcecode.swift; path = Synchronizer.swift; sourceTree = "<group>"; };
		2B574CD224E850DA0071D97C /* CoreTextChunk+CoreDataClass.swift */ = {isa = PBXFileReference; lastKnownFileType = sourcecode.swift; path = "CoreTextChunk+CoreDataClass.swift"; sourceTree = SOURCE_ROOT; };
		2B574CD424E850DA0071D97C /* CoreMemory+CoreDataClass.swift */ = {isa = PBXFileReference; lastKnownFileType = sourcecode.swift; path = "CoreMemory+CoreDataClass.swift"; sourceTree = SOURCE_ROOT; };
		2B58A35324F857B1002AD76E /* ImageDetailTransition.swift */ = {isa = PBXFileReference; lastKnownFileType = sourcecode.swift; path = ImageDetailTransition.swift; sourceTree = "<group>"; };
		2B58A35924F8596D002AD76E /* UnsplashImageCollectionDataSource.swift */ = {isa = PBXFileReference; lastKnownFileType = sourcecode.swift; path = UnsplashImageCollectionDataSource.swift; sourceTree = "<group>"; };
		2B58A35C24F85A0A002AD76E /* UnsplashCollectionCommonCell.swift */ = {isa = PBXFileReference; lastKnownFileType = sourcecode.swift; path = UnsplashCollectionCommonCell.swift; sourceTree = "<group>"; };
		2B58A36124F866BB002AD76E /* MemoryEditViewController.swift */ = {isa = PBXFileReference; lastKnownFileType = sourcecode.swift; path = MemoryEditViewController.swift; sourceTree = "<group>"; };
		2B58A36424F8672C002AD76E /* MemoryEditChunkViews.swift */ = {isa = PBXFileReference; lastKnownFileType = sourcecode.swift; path = MemoryEditChunkViews.swift; sourceTree = "<group>"; };
		2B58A36B24F86A44002AD76E /* MemoryEditCoordinator.swift */ = {isa = PBXFileReference; lastKnownFileType = sourcecode.swift; path = MemoryEditCoordinator.swift; sourceTree = "<group>"; };
		2B58A36E24F86C74002AD76E /* MemoryEditViewModel.swift */ = {isa = PBXFileReference; lastKnownFileType = sourcecode.swift; path = MemoryEditViewModel.swift; sourceTree = "<group>"; };
		2B58A37924F9AA96002AD76E /* MemoryCollectionCoordinator.swift */ = {isa = PBXFileReference; lastKnownFileType = sourcecode.swift; path = MemoryCollectionCoordinator.swift; sourceTree = "<group>"; };
		2B58A38224FB17BC002AD76E /* NMCollectionViewCell.swift */ = {isa = PBXFileReference; lastKnownFileType = sourcecode.swift; path = NMCollectionViewCell.swift; sourceTree = "<group>"; };
		2B58A38624FB1EE1002AD76E /* NMButton.swift */ = {isa = PBXFileReference; lastKnownFileType = sourcecode.swift; path = NMButton.swift; sourceTree = "<group>"; };
		2B58A38924FB933E002AD76E /* NMNavigationBar.swift */ = {isa = PBXFileReference; lastKnownFileType = sourcecode.swift; path = NMNavigationBar.swift; sourceTree = "<group>"; };
		2B58A38B24FBB7FD002AD76E /* NMNavigationController.swift */ = {isa = PBXFileReference; lastKnownFileType = sourcecode.swift; path = NMNavigationController.swift; sourceTree = "<group>"; };
		2B59E31924E933F80084F118 /* Helpers.swift */ = {isa = PBXFileReference; lastKnownFileType = sourcecode.swift; path = Helpers.swift; sourceTree = "<group>"; };
		2B5C577F24F672F0009C2285 /* UnsplashImageCollectionController.swift */ = {isa = PBXFileReference; lastKnownFileType = sourcecode.swift; path = UnsplashImageCollectionController.swift; sourceTree = "<group>"; };
		2B5C578124F67300009C2285 /* UnsplashImageCollectionViewModel.swift */ = {isa = PBXFileReference; lastKnownFileType = sourcecode.swift; path = UnsplashImageCollectionViewModel.swift; sourceTree = "<group>"; };
		2B5C578324F67334009C2285 /* UnsplashImageCollectionCoordinator.swift */ = {isa = PBXFileReference; lastKnownFileType = sourcecode.swift; path = UnsplashImageCollectionCoordinator.swift; sourceTree = "<group>"; };
		2B5C578824F67E87009C2285 /* UnsplashModels.swift */ = {isa = PBXFileReference; lastKnownFileType = sourcecode.swift; path = UnsplashModels.swift; sourceTree = "<group>"; };
		2B5C578A24F67F62009C2285 /* UnsplashNetwork.swift */ = {isa = PBXFileReference; lastKnownFileType = sourcecode.swift; path = UnsplashNetwork.swift; sourceTree = "<group>"; };
		2B5C578D24F6AF77009C2285 /* UnsplashPhotoCache.swift */ = {isa = PBXFileReference; lastKnownFileType = sourcecode.swift; path = UnsplashPhotoCache.swift; sourceTree = "<group>"; };
		2B5C579524F6CDFE009C2285 /* UnsplashImageDetailViewModel.swift */ = {isa = PBXFileReference; lastKnownFileType = sourcecode.swift; path = UnsplashImageDetailViewModel.swift; sourceTree = "<group>"; };
		2B6DF78924EB0C4D00B94C21 /* CorePhotoChunk+CoreDataClass.swift */ = {isa = PBXFileReference; lastKnownFileType = sourcecode.swift; name = "CorePhotoChunk+CoreDataClass.swift"; path = "Cozy/Model/CoreData/CorePhotoChunk+CoreDataClass.swift"; sourceTree = SOURCE_ROOT; };
		2BD4CD7524ED630000BCA0D5 /* MemoryCreateCoordinator.swift */ = {isa = PBXFileReference; lastKnownFileType = sourcecode.swift; path = MemoryCreateCoordinator.swift; sourceTree = "<group>"; };
		2BD4CD7B24ED702900BCA0D5 /* ImageDetailViewController.swift */ = {isa = PBXFileReference; lastKnownFileType = sourcecode.swift; path = ImageDetailViewController.swift; sourceTree = "<group>"; };
		2BD4CD7D24ED703700BCA0D5 /* LocalImageDetailViewModel.swift */ = {isa = PBXFileReference; lastKnownFileType = sourcecode.swift; path = LocalImageDetailViewModel.swift; sourceTree = "<group>"; };
		2BD4CD7F24ED704D00BCA0D5 /* LocalImageDetailCoordinator.swift */ = {isa = PBXFileReference; lastKnownFileType = sourcecode.swift; path = LocalImageDetailCoordinator.swift; sourceTree = "<group>"; };
		2BD4CD8124EDAD2100BCA0D5 /* PageViewController.swift */ = {isa = PBXFileReference; lastKnownFileType = sourcecode.swift; path = PageViewController.swift; sourceTree = "<group>"; };
		2BD4CD8324EE85CC00BCA0D5 /* ButtonsPanel.swift */ = {isa = PBXFileReference; lastKnownFileType = sourcecode.swift; path = ButtonsPanel.swift; sourceTree = "<group>"; };
		2BD4CD8624EECB5700BCA0D5 /* MemoriesCollectionCoordinator.swift */ = {isa = PBXFileReference; lastKnownFileType = sourcecode.swift; path = MemoriesCollectionCoordinator.swift; sourceTree = "<group>"; };
		2BD4CD8C24EEDC4900BCA0D5 /* MemoryShowViewController.swift */ = {isa = PBXFileReference; lastKnownFileType = sourcecode.swift; path = MemoryShowViewController.swift; sourceTree = "<group>"; };
		2BD4CD8E24EEDC5F00BCA0D5 /* MemoryShowViewModel.swift */ = {isa = PBXFileReference; lastKnownFileType = sourcecode.swift; path = MemoryShowViewModel.swift; sourceTree = "<group>"; };
		2BD4CD9024EEE12D00BCA0D5 /* MemoryShowCoordinator.swift */ = {isa = PBXFileReference; lastKnownFileType = sourcecode.swift; path = MemoryShowCoordinator.swift; sourceTree = "<group>"; };
		2BD4CD9324EEF17400BCA0D5 /* AppCoordinator.swift */ = {isa = PBXFileReference; lastKnownFileType = sourcecode.swift; path = AppCoordinator.swift; sourceTree = "<group>"; };
		2BD4CD9624EEFD4D00BCA0D5 /* ImageProposalSheetController.swift */ = {isa = PBXFileReference; lastKnownFileType = sourcecode.swift; path = ImageProposalSheetController.swift; sourceTree = "<group>"; };
		2BD4CD9824EEFD6500BCA0D5 /* ImageProposalViewModel.swift */ = {isa = PBXFileReference; lastKnownFileType = sourcecode.swift; path = ImageProposalViewModel.swift; sourceTree = "<group>"; };
		2BD4CD9A24EF104600BCA0D5 /* ImagesProposalCoordinator.swift */ = {isa = PBXFileReference; lastKnownFileType = sourcecode.swift; path = ImagesProposalCoordinator.swift; sourceTree = "<group>"; };
		2BFD46CD24FBE22D00485231 /* NMTextView.swift */ = {isa = PBXFileReference; lastKnownFileType = sourcecode.swift; path = NMTextView.swift; sourceTree = "<group>"; };
		2BFD46CF24FBF3C000485231 /* NMImageView.swift */ = {isa = PBXFileReference; lastKnownFileType = sourcecode.swift; path = NMImageView.swift; sourceTree = "<group>"; };
		2BFD46D124FBF5E000485231 /* NMView.swift */ = {isa = PBXFileReference; lastKnownFileType = sourcecode.swift; path = NMView.swift; sourceTree = "<group>"; };
		2BFD46D424FC14D100485231 /* Constants.swift */ = {isa = PBXFileReference; lastKnownFileType = sourcecode.swift; path = Constants.swift; sourceTree = "<group>"; };
		2BFD46D724FC547300485231 /* ThemeManager.swift */ = {isa = PBXFileReference; lastKnownFileType = sourcecode.swift; path = ThemeManager.swift; sourceTree = "<group>"; };
		2BFD46D924FC610400485231 /* NMTabBarController.swift */ = {isa = PBXFileReference; lastKnownFileType = sourcecode.swift; path = NMTabBarController.swift; sourceTree = "<group>"; };
		2BFD46DD24FC6BE800485231 /* NMTabBarItem.swift */ = {isa = PBXFileReference; lastKnownFileType = sourcecode.swift; path = NMTabBarItem.swift; sourceTree = "<group>"; };
		2BFD46DF24FD78E200485231 /* UIColor+Extensions.swift */ = {isa = PBXFileReference; lastKnownFileType = sourcecode.swift; path = "UIColor+Extensions.swift"; sourceTree = "<group>"; };
		2BFD46E124FD9E7D00485231 /* NMAlertController.swift */ = {isa = PBXFileReference; lastKnownFileType = sourcecode.swift; path = NMAlertController.swift; sourceTree = "<group>"; };
		2BFD46E724FDB3B400485231 /* NMCollectionView.swift */ = {isa = PBXFileReference; lastKnownFileType = sourcecode.swift; path = NMCollectionView.swift; sourceTree = "<group>"; };
		2BFD46E924FDB45100485231 /* NMSearchController.swift */ = {isa = PBXFileReference; lastKnownFileType = sourcecode.swift; path = NMSearchController.swift; sourceTree = "<group>"; };
		2BFD46EB24FDC86F00485231 /* NMLabel.swift */ = {isa = PBXFileReference; lastKnownFileType = sourcecode.swift; path = NMLabel.swift; sourceTree = "<group>"; };
		2BFD46EE24FE71DF00485231 /* NMCanvasView.swift */ = {isa = PBXFileReference; lastKnownFileType = sourcecode.swift; path = NMCanvasView.swift; sourceTree = "<group>"; };
		392D86B353E56D3881C36505 /* Pods-Cozy.release.xcconfig */ = {isa = PBXFileReference; includeInIndex = 1; lastKnownFileType = text.xcconfig; name = "Pods-Cozy.release.xcconfig"; path = "Target Support Files/Pods-Cozy/Pods-Cozy.release.xcconfig"; sourceTree = "<group>"; };
		9EA38423ED02106646ABD875 /* Pods-Cozy.debug.xcconfig */ = {isa = PBXFileReference; includeInIndex = 1; lastKnownFileType = text.xcconfig; name = "Pods-Cozy.debug.xcconfig"; path = "Target Support Files/Pods-Cozy/Pods-Cozy.debug.xcconfig"; sourceTree = "<group>"; };
/* End PBXFileReference section */

/* Begin PBXFrameworksBuildPhase section */
		2B0748A524E5E3FA0031D203 /* Frameworks */ = {
			isa = PBXFrameworksBuildPhase;
			buildActionMask = 2147483647;
			files = (
				B3B88CF141F8D6A579ECA1EE /* Pods_Cozy.framework in Frameworks */,
			);
			runOnlyForDeploymentPostprocessing = 0;
		};
/* End PBXFrameworksBuildPhase section */

/* Begin PBXGroup section */
		2B07489F24E5E3FA0031D203 = {
			isa = PBXGroup;
			children = (
				2B0748AA24E5E3FA0031D203 /* Cozy */,
				2B0748A924E5E3FA0031D203 /* Products */,
				6E3DB1B36F17ADB64E364AEA /* Pods */,
				713520CC0700BE7D6DA57992 /* Frameworks */,
			);
			sourceTree = "<group>";
		};
		2B0748A924E5E3FA0031D203 /* Products */ = {
			isa = PBXGroup;
			children = (
				2B0748A824E5E3FA0031D203 /* Cozy.app */,
			);
			name = Products;
			sourceTree = "<group>";
		};
		2B0748AA24E5E3FA0031D203 /* Cozy */ = {
			isa = PBXGroup;
			children = (
				2BFD46D624FC545E00485231 /* ThemeManager */,
				2BFD46D324FC14C700485231 /* Constants */,
				2B58A38124FB179A002AD76E /* NeumorphicViews */,
				2B58A35E24F86498002AD76E /* Scenes */,
				2B58A35024F856D9002AD76E /* BusinessComponents */,
				2B5C578524F67BA4009C2285 /* UnsplashService */,
				2B44B5C824F488A000BC229A /* Extensions */,
				2B574CB424E83B810071D97C /* ModelLayer */,
				2B574CB124E7FDB80071D97C /* Views */,
				2B574CAA24E7D3E10071D97C /* Helper */,
				2B574CA224E71BB50071D97C /* UI */,
				2B0748AB24E5E3FA0031D203 /* AppDelegate.swift */,
				2B0748AD24E5E3FA0031D203 /* SceneDelegate.swift */,
				2B0748AF24E5E3FA0031D203 /* ViewController.swift */,
				2B0748B724E5E3FA0031D203 /* Assets.xcassets */,
				2B0748B924E5E3FA0031D203 /* LaunchScreen.storyboard */,
				2B0748BC24E5E3FA0031D203 /* Info.plist */,
				2B0748B424E5E3FA0031D203 /* Cozy.xcdatamodeld */,
			);
			path = Cozy;
			sourceTree = "<group>";
		};
		2B402C0524F3B20900B40319 /* MapCreate */ = {
			isa = PBXGroup;
			children = (
				2B402C0824F3B21900B40319 /* Coordinator */,
				2B402C0724F3B21300B40319 /* ViewModel */,
				2B402C0624F3B20F00B40319 /* View */,
			);
			path = MapCreate;
			sourceTree = "<group>";
		};
		2B402C0624F3B20F00B40319 /* View */ = {
			isa = PBXGroup;
			children = (
				2B402C0924F3B23500B40319 /* MapCreateViewController.swift */,
			);
			path = View;
			sourceTree = "<group>";
		};
		2B402C0724F3B21300B40319 /* ViewModel */ = {
			isa = PBXGroup;
			children = (
				2B402C0B24F3B24400B40319 /* MapCreateViewModel.swift */,
			);
			path = ViewModel;
			sourceTree = "<group>";
		};
		2B402C0824F3B21900B40319 /* Coordinator */ = {
			isa = PBXGroup;
			children = (
				2B402C0D24F3B33600B40319 /* MapCreateCoordinator.swift */,
			);
			path = Coordinator;
			sourceTree = "<group>";
		};
		2B402C0F24F3D72800B40319 /* GraffitiCreate */ = {
			isa = PBXGroup;
			children = (
			);
			path = GraffitiCreate;
			sourceTree = "<group>";
		};
		2B402C1124F3D73A00B40319 /* View */ = {
			isa = PBXGroup;
			children = (
				2B402C1424F3D75200B40319 /* GraffitiCreateViewController.swift */,
			);
			path = View;
			sourceTree = "<group>";
		};
		2B402C1224F3D73E00B40319 /* ViewModel */ = {
			isa = PBXGroup;
			children = (
				2B402C1624F3D75C00B40319 /* GraffitiCreateViewModel.swift */,
			);
			path = ViewModel;
			sourceTree = "<group>";
		};
		2B402C1324F3D74400B40319 /* Coordinator */ = {
			isa = PBXGroup;
			children = (
				2B402C1824F3D88800B40319 /* GraffitiCreateCoordinator.swift */,
			);
			path = Coordinator;
			sourceTree = "<group>";
		};
		2B44B5C824F488A000BC229A /* Extensions */ = {
			isa = PBXGroup;
			children = (
				2B44B5C924F488B900BC229A /* UIFont+Extensions.swift */,
				2B44B5CB24F488E900BC229A /* UIStackView+Extensions.swift */,
				2B44B5CD24F4891E00BC229A /* UIImage+Extensions.swift */,
				2B44B5CF24F4893900BC229A /* UIView+Extensions.swift */,
				2BFD46DF24FD78E200485231 /* UIColor+Extensions.swift */,
			);
			path = Extensions;
			sourceTree = "<group>";
		};
		2B44B5D124F48CB700BC229A /* MemorySearch */ = {
			isa = PBXGroup;
			children = (
			);
			path = MemorySearch;
			sourceTree = "<group>";
		};
		2B44B5D224F48CCA00BC229A /* View */ = {
			isa = PBXGroup;
			children = (
				2B44B5D524F48D4B00BC229A /* MemorySearchController.swift */,
			);
			path = View;
			sourceTree = "<group>";
		};
		2B44B5D324F48CCE00BC229A /* ViewModel */ = {
			isa = PBXGroup;
			children = (
				2B44B5D724F48D7F00BC229A /* MemorySearchViewModel.swift */,
			);
			path = ViewModel;
			sourceTree = "<group>";
		};
		2B44B5D424F48CD500BC229A /* Coordinator */ = {
			isa = PBXGroup;
			children = (
				2B44B5DA24F4915F00BC229A /* MemorySearchCoordinator.swift */,
			);
			path = Coordinator;
			sourceTree = "<group>";
		};
		2B574CA224E71BB50071D97C /* UI */ = {
			isa = PBXGroup;
			children = (
				2B402C0F24F3D72800B40319 /* GraffitiCreate */,
				2B402C0524F3B20900B40319 /* MapCreate */,
				2BD4CD9524EEFC1E00BCA0D5 /* ImageProposalSheet */,
				2BD4CD8824EEDC2200BCA0D5 /* MemoryShow */,
				2BD4CD7724ED6B3F00BCA0D5 /* ImageDetail */,
				2B574CA424E71E460071D97C /* MemoryCreate */,
				2B44B5D124F48CB700BC229A /* MemorySearch */,
				2B574CA324E71BBF0071D97C /* MemoriesCollection */,
			);
			path = UI;
			sourceTree = "<group>";
		};
		2B574CA324E71BBF0071D97C /* MemoriesCollection */ = {
			isa = PBXGroup;
			children = (
				2BD4CD8524EECB4900BCA0D5 /* Coordinator */,
				2B574CA724E71E570071D97C /* ViewModel */,
				2B574CA624E71E530071D97C /* View */,
			);
			path = MemoriesCollection;
			sourceTree = "<group>";
		};
		2B574CA424E71E460071D97C /* MemoryCreate */ = {
			isa = PBXGroup;
			children = (
				2BD4CD7424ED628C00BCA0D5 /* Coordinator */,
				2B574CA924E71E600071D97C /* ViewModel */,
				2B574CA824E71E5C0071D97C /* View */,
			);
			path = MemoryCreate;
			sourceTree = "<group>";
		};
		2B574CA624E71E530071D97C /* View */ = {
			isa = PBXGroup;
			children = (
			);
			path = View;
			sourceTree = "<group>";
		};
		2B574CA724E71E570071D97C /* ViewModel */ = {
			isa = PBXGroup;
			children = (
			);
			path = ViewModel;
			sourceTree = "<group>";
		};
		2B574CA824E71E5C0071D97C /* View */ = {
			isa = PBXGroup;
			children = (
				2B574CAD24E7D4190071D97C /* MemoryCreateViewController.swift */,
			);
			path = View;
			sourceTree = "<group>";
		};
		2B574CA924E71E600071D97C /* ViewModel */ = {
			isa = PBXGroup;
			children = (
				2B574CAF24E7E2300071D97C /* MemoryCreateViewModel.swift */,
			);
			path = ViewModel;
			sourceTree = "<group>";
		};
		2B574CAA24E7D3E10071D97C /* Helper */ = {
			isa = PBXGroup;
			children = (
				2BD4CD8124EDAD2100BCA0D5 /* PageViewController.swift */,
				2B402C0324F3118000B40319 /* PageTabBarController.swift */,
			);
			path = Helper;
			sourceTree = "<group>";
		};
		2B574CB124E7FDB80071D97C /* Views */ = {
			isa = PBXGroup;
			children = (
				2B59E31924E933F80084F118 /* Helpers.swift */,
			);
			path = Views;
			sourceTree = "<group>";
		};
		2B574CB424E83B810071D97C /* ModelLayer */ = {
			isa = PBXGroup;
			children = (
				2B574CC124E84EB20071D97C /* CoreData */,
				2B574CBE24E849F90071D97C /* DataMiner */,
				2B574CB524E83B940071D97C /* Business.swift */,
			);
			path = ModelLayer;
			sourceTree = "<group>";
		};
		2B574CBE24E849F90071D97C /* DataMiner */ = {
			isa = PBXGroup;
			children = (
				2B574CBF24E84A060071D97C /* Synchronizer.swift */,
			);
			path = DataMiner;
			sourceTree = "<group>";
		};
		2B574CC124E84EB20071D97C /* CoreData */ = {
			isa = PBXGroup;
			children = (
				2B44B5C424F3F47D00BC229A /* CoreGraffitiChunk+CoreDataClass.swift */,
				2B6DF78924EB0C4D00B94C21 /* CorePhotoChunk+CoreDataClass.swift */,
				2B574CD224E850DA0071D97C /* CoreTextChunk+CoreDataClass.swift */,
				2B574CD424E850DA0071D97C /* CoreMemory+CoreDataClass.swift */,
			);
			path = CoreData;
			sourceTree = "<group>";
		};
		2B58A35024F856D9002AD76E /* BusinessComponents */ = {
			isa = PBXGroup;
			children = (
				2B58A35124F856E7002AD76E /* ImageDetailComponent */,
			);
			path = BusinessComponents;
			sourceTree = "<group>";
		};
		2B58A35124F856E7002AD76E /* ImageDetailComponent */ = {
			isa = PBXGroup;
			children = (
				2B58A35724F85933002AD76E /* Transitioning */,
				2B58A35224F856F0002AD76E /* ViewController */,
			);
			path = ImageDetailComponent;
			sourceTree = "<group>";
		};
		2B58A35224F856F0002AD76E /* ViewController */ = {
			isa = PBXGroup;
			children = (
				2BD4CD7B24ED702900BCA0D5 /* ImageDetailViewController.swift */,
			);
			path = ViewController;
			sourceTree = "<group>";
		};
		2B58A35624F85906002AD76E /* ViewController */ = {
			isa = PBXGroup;
			children = (
				2B5C577F24F672F0009C2285 /* UnsplashImageCollectionController.swift */,
			);
			path = ViewController;
			sourceTree = "<group>";
		};
		2B58A35724F85933002AD76E /* Transitioning */ = {
			isa = PBXGroup;
			children = (
				2B58A35324F857B1002AD76E /* ImageDetailTransition.swift */,
			);
			path = Transitioning;
			sourceTree = "<group>";
		};
		2B58A35824F85959002AD76E /* DataSource */ = {
			isa = PBXGroup;
			children = (
				2B58A35924F8596D002AD76E /* UnsplashImageCollectionDataSource.swift */,
			);
			path = DataSource;
			sourceTree = "<group>";
		};
		2B58A35B24F859FD002AD76E /* CollectionCell */ = {
			isa = PBXGroup;
			children = (
				2B58A35C24F85A0A002AD76E /* UnsplashCollectionCommonCell.swift */,
			);
			path = CollectionCell;
			sourceTree = "<group>";
		};
		2B58A35E24F86498002AD76E /* Scenes */ = {
			isa = PBXGroup;
			children = (
				2BD4CD9224EEF16300BCA0D5 /* App */,
				2B58A36924F86A0C002AD76E /* MemoryEditFlow */,
				2B58A37724F9AA23002AD76E /* MemoryCollectionFlow */,
			);
			path = Scenes;
			sourceTree = "<group>";
		};
		2B58A36024F864C2002AD76E /* ViewController */ = {
			isa = PBXGroup;
			children = (
				2B58A36124F866BB002AD76E /* MemoryEditViewController.swift */,
			);
			path = ViewController;
			sourceTree = "<group>";
		};
		2B58A36324F866F5002AD76E /* Views */ = {
			isa = PBXGroup;
			children = (
				2BD4CD8324EE85CC00BCA0D5 /* ButtonsPanel.swift */,
				2B58A36424F8672C002AD76E /* MemoryEditChunkViews.swift */,
			);
			path = Views;
			sourceTree = "<group>";
		};
		2B58A36924F86A0C002AD76E /* MemoryEditFlow */ = {
			isa = PBXGroup;
			children = (
				2B58A37224F921B5002AD76E /* MemoryEditScene */,
				2B58A37024F87A45002AD76E /* ImageSourceProposalScene */,
			);
			path = MemoryEditFlow;
			sourceTree = "<group>";
		};
		2B58A36A24F86A32002AD76E /* Coordinator */ = {
			isa = PBXGroup;
			children = (
				2B58A36B24F86A44002AD76E /* MemoryEditCoordinator.swift */,
			);
			path = Coordinator;
			sourceTree = "<group>";
		};
		2B58A36D24F86C64002AD76E /* ViewModel */ = {
			isa = PBXGroup;
			children = (
				2B58A36E24F86C74002AD76E /* MemoryEditViewModel.swift */,
			);
			path = ViewModel;
			sourceTree = "<group>";
		};
		2B58A37024F87A45002AD76E /* ImageSourceProposalScene */ = {
			isa = PBXGroup;
			children = (
				2B58A37524F921FE002AD76E /* ViewModel */,
				2B58A37424F921FA002AD76E /* ViewController */,
				2B58A37324F921F3002AD76E /* Coordinator */,
				2B5C577A24F671DA009C2285 /* UnsplashSourceScene */,
			);
			path = ImageSourceProposalScene;
			sourceTree = "<group>";
		};
		2B58A37224F921B5002AD76E /* MemoryEditScene */ = {
			isa = PBXGroup;
			children = (
				2BFD46ED24FE6C9C00485231 /* GraffitiCreateScene */,
				2B58A37B24F9AC37002AD76E /* ImageDetailScene */,
				2B58A36324F866F5002AD76E /* Views */,
				2B58A36024F864C2002AD76E /* ViewController */,
				2B58A36D24F86C64002AD76E /* ViewModel */,
				2B58A36A24F86A32002AD76E /* Coordinator */,
			);
			path = MemoryEditScene;
			sourceTree = "<group>";
		};
		2B58A37324F921F3002AD76E /* Coordinator */ = {
			isa = PBXGroup;
			children = (
				2BD4CD9A24EF104600BCA0D5 /* ImagesProposalCoordinator.swift */,
			);
			path = Coordinator;
			sourceTree = "<group>";
		};
		2B58A37424F921FA002AD76E /* ViewController */ = {
			isa = PBXGroup;
			children = (
				2BD4CD9624EEFD4D00BCA0D5 /* ImageProposalSheetController.swift */,
			);
			path = ViewController;
			sourceTree = "<group>";
		};
		2B58A37524F921FE002AD76E /* ViewModel */ = {
			isa = PBXGroup;
			children = (
				2BD4CD9824EEFD6500BCA0D5 /* ImageProposalViewModel.swift */,
			);
			path = ViewModel;
			sourceTree = "<group>";
		};
		2B58A37624F9225F002AD76E /* ViewModel */ = {
			isa = PBXGroup;
			children = (
				2B5C579524F6CDFE009C2285 /* UnsplashImageDetailViewModel.swift */,
			);
			path = ViewModel;
			sourceTree = "<group>";
		};
		2B58A37724F9AA23002AD76E /* MemoryCollectionFlow */ = {
			isa = PBXGroup;
			children = (
				2B58A38024FA5138002AD76E /* MemorySearchScene */,
				2B58A37F24F9ACD9002AD76E /* ViewModel */,
				2B58A37E24F9ACAA002AD76E /* Cells */,
				2B58A37D24F9AC98002AD76E /* ViewController */,
				2B58A37824F9AA32002AD76E /* Coordinator */,
			);
			path = MemoryCollectionFlow;
			sourceTree = "<group>";
		};
		2B58A37824F9AA32002AD76E /* Coordinator */ = {
			isa = PBXGroup;
			children = (
				2B58A37924F9AA96002AD76E /* MemoryCollectionCoordinator.swift */,
			);
			path = Coordinator;
			sourceTree = "<group>";
		};
		2B58A37B24F9AC37002AD76E /* ImageDetailScene */ = {
			isa = PBXGroup;
			children = (
				2B58A37C24F9AC41002AD76E /* ViewModel */,
			);
			path = ImageDetailScene;
			sourceTree = "<group>";
		};
		2B58A37C24F9AC41002AD76E /* ViewModel */ = {
			isa = PBXGroup;
			children = (
				2BD4CD7D24ED703700BCA0D5 /* LocalImageDetailViewModel.swift */,
			);
			path = ViewModel;
			sourceTree = "<group>";
		};
		2B58A37D24F9AC98002AD76E /* ViewController */ = {
			isa = PBXGroup;
			children = (
				2B574CB824E83DC10071D97C /* MemoryCollectionViewController.swift */,
			);
			path = ViewController;
			sourceTree = "<group>";
		};
		2B58A37E24F9ACAA002AD76E /* Cells */ = {
			isa = PBXGroup;
			children = (
				2B574CBA24E842160071D97C /* MemoryCollectionViewCell.swift */,
			);
			path = Cells;
			sourceTree = "<group>";
		};
		2B58A37F24F9ACD9002AD76E /* ViewModel */ = {
			isa = PBXGroup;
			children = (
				2B574CBC24E849180071D97C /* MemoryCollectionViewModel.swift */,
			);
			path = ViewModel;
			sourceTree = "<group>";
		};
		2B58A38024FA5138002AD76E /* MemorySearchScene */ = {
			isa = PBXGroup;
			children = (
				2B44B5D424F48CD500BC229A /* Coordinator */,
				2B44B5D324F48CCE00BC229A /* ViewModel */,
				2B44B5D224F48CCA00BC229A /* View */,
			);
			path = MemorySearchScene;
			sourceTree = "<group>";
		};
		2B58A38124FB179A002AD76E /* NeumorphicViews */ = {
			isa = PBXGroup;
			children = (
				2B58A38224FB17BC002AD76E /* NMCollectionViewCell.swift */,
				2B58A38624FB1EE1002AD76E /* NMButton.swift */,
				2B58A38924FB933E002AD76E /* NMNavigationBar.swift */,
				2B58A38B24FBB7FD002AD76E /* NMNavigationController.swift */,
				2BFD46CD24FBE22D00485231 /* NMTextView.swift */,
				2BFD46CF24FBF3C000485231 /* NMImageView.swift */,
				2BFD46D124FBF5E000485231 /* NMView.swift */,
				2B574CAB24E7D3F00071D97C /* NMViewController.swift */,
				2BFD46D924FC610400485231 /* NMTabBarController.swift */,
				2BFD46DD24FC6BE800485231 /* NMTabBarItem.swift */,
				2BFD46E124FD9E7D00485231 /* NMAlertController.swift */,
				2BFD46E724FDB3B400485231 /* NMCollectionView.swift */,
				2BFD46E924FDB45100485231 /* NMSearchController.swift */,
				2BFD46EB24FDC86F00485231 /* NMLabel.swift */,
				2BFD46EE24FE71DF00485231 /* NMCanvasView.swift */,
			);
			path = NeumorphicViews;
			sourceTree = "<group>";
		};
		2B5C577A24F671DA009C2285 /* UnsplashSourceScene */ = {
			isa = PBXGroup;
			children = (
				2B5C579424F6CDEA009C2285 /* Detail */,
				2B5C579324F6CDDF009C2285 /* Collection */,
				2B5C577E24F671FE009C2285 /* Coordinator */,
			);
			path = UnsplashSourceScene;
			sourceTree = "<group>";
		};
		2B5C577D24F671F8009C2285 /* ViewModel */ = {
			isa = PBXGroup;
			children = (
				2B5C578124F67300009C2285 /* UnsplashImageCollectionViewModel.swift */,
			);
			path = ViewModel;
			sourceTree = "<group>";
		};
		2B5C577E24F671FE009C2285 /* Coordinator */ = {
			isa = PBXGroup;
			children = (
				2B5C578324F67334009C2285 /* UnsplashImageCollectionCoordinator.swift */,
			);
			path = Coordinator;
			sourceTree = "<group>";
		};
		2B5C578524F67BA4009C2285 /* UnsplashService */ = {
			isa = PBXGroup;
			children = (
				2B5C578C24F6AF64009C2285 /* Cache */,
				2B5C578724F67C2A009C2285 /* Model */,
				2B5C578624F67BAC009C2285 /* Netowrk */,
			);
			path = UnsplashService;
			sourceTree = "<group>";
		};
		2B5C578624F67BAC009C2285 /* Netowrk */ = {
			isa = PBXGroup;
			children = (
				2B5C578A24F67F62009C2285 /* UnsplashNetwork.swift */,
			);
			path = Netowrk;
			sourceTree = "<group>";
		};
		2B5C578724F67C2A009C2285 /* Model */ = {
			isa = PBXGroup;
			children = (
				2B5C578824F67E87009C2285 /* UnsplashModels.swift */,
			);
			path = Model;
			sourceTree = "<group>";
		};
		2B5C578C24F6AF64009C2285 /* Cache */ = {
			isa = PBXGroup;
			children = (
				2B5C578D24F6AF77009C2285 /* UnsplashPhotoCache.swift */,
			);
			path = Cache;
			sourceTree = "<group>";
		};
		2B5C579324F6CDDF009C2285 /* Collection */ = {
			isa = PBXGroup;
			children = (
				2B58A35B24F859FD002AD76E /* CollectionCell */,
				2B58A35824F85959002AD76E /* DataSource */,
				2B58A35624F85906002AD76E /* ViewController */,
				2B5C577D24F671F8009C2285 /* ViewModel */,
			);
			path = Collection;
			sourceTree = "<group>";
		};
		2B5C579424F6CDEA009C2285 /* Detail */ = {
			isa = PBXGroup;
			children = (
				2B58A37624F9225F002AD76E /* ViewModel */,
			);
			path = Detail;
			sourceTree = "<group>";
		};
		2BD4CD7424ED628C00BCA0D5 /* Coordinator */ = {
			isa = PBXGroup;
			children = (
				2BD4CD7524ED630000BCA0D5 /* MemoryCreateCoordinator.swift */,
			);
			path = Coordinator;
			sourceTree = "<group>";
		};
		2BD4CD7724ED6B3F00BCA0D5 /* ImageDetail */ = {
			isa = PBXGroup;
			children = (
				2BD4CD7A24ED701C00BCA0D5 /* Coordinator */,
				2BD4CD7924ED6B4C00BCA0D5 /* ViewModel */,
				2BD4CD7824ED6B4900BCA0D5 /* View */,
			);
			path = ImageDetail;
			sourceTree = "<group>";
		};
		2BD4CD7824ED6B4900BCA0D5 /* View */ = {
			isa = PBXGroup;
			children = (
			);
			path = View;
			sourceTree = "<group>";
		};
		2BD4CD7924ED6B4C00BCA0D5 /* ViewModel */ = {
			isa = PBXGroup;
			children = (
			);
			path = ViewModel;
			sourceTree = "<group>";
		};
		2BD4CD7A24ED701C00BCA0D5 /* Coordinator */ = {
			isa = PBXGroup;
			children = (
				2BD4CD7F24ED704D00BCA0D5 /* LocalImageDetailCoordinator.swift */,
			);
			path = Coordinator;
			sourceTree = "<group>";
		};
		2BD4CD8524EECB4900BCA0D5 /* Coordinator */ = {
			isa = PBXGroup;
			children = (
				2BD4CD8624EECB5700BCA0D5 /* MemoriesCollectionCoordinator.swift */,
			);
			path = Coordinator;
			sourceTree = "<group>";
		};
		2BD4CD8824EEDC2200BCA0D5 /* MemoryShow */ = {
			isa = PBXGroup;
			children = (
				2BD4CD8B24EEDC3000BCA0D5 /* ViewModel */,
				2BD4CD8A24EEDC2C00BCA0D5 /* View */,
				2BD4CD8924EEDC2800BCA0D5 /* Coordinator */,
			);
			path = MemoryShow;
			sourceTree = "<group>";
		};
		2BD4CD8924EEDC2800BCA0D5 /* Coordinator */ = {
			isa = PBXGroup;
			children = (
				2BD4CD9024EEE12D00BCA0D5 /* MemoryShowCoordinator.swift */,
			);
			path = Coordinator;
			sourceTree = "<group>";
		};
		2BD4CD8A24EEDC2C00BCA0D5 /* View */ = {
			isa = PBXGroup;
			children = (
				2BD4CD8C24EEDC4900BCA0D5 /* MemoryShowViewController.swift */,
			);
			path = View;
			sourceTree = "<group>";
		};
		2BD4CD8B24EEDC3000BCA0D5 /* ViewModel */ = {
			isa = PBXGroup;
			children = (
				2BD4CD8E24EEDC5F00BCA0D5 /* MemoryShowViewModel.swift */,
			);
			path = ViewModel;
			sourceTree = "<group>";
		};
		2BD4CD9224EEF16300BCA0D5 /* App */ = {
			isa = PBXGroup;
			children = (
				2BD4CD9324EEF17400BCA0D5 /* AppCoordinator.swift */,
			);
			path = App;
			sourceTree = "<group>";
		};
		2BD4CD9524EEFC1E00BCA0D5 /* ImageProposalSheet */ = {
			isa = PBXGroup;
			children = (
			);
			path = ImageProposalSheet;
			sourceTree = "<group>";
		};
		2BFD46D324FC14C700485231 /* Constants */ = {
			isa = PBXGroup;
			children = (
				2BFD46D424FC14D100485231 /* Constants.swift */,
			);
			path = Constants;
			sourceTree = "<group>";
		};
		2BFD46D624FC545E00485231 /* ThemeManager */ = {
			isa = PBXGroup;
			children = (
				2BFD46D724FC547300485231 /* ThemeManager.swift */,
			);
			path = ThemeManager;
			sourceTree = "<group>";
		};
		2BFD46ED24FE6C9C00485231 /* GraffitiCreateScene */ = {
			isa = PBXGroup;
			children = (
				2B402C1324F3D74400B40319 /* Coordinator */,
				2B402C1224F3D73E00B40319 /* ViewModel */,
				2B402C1124F3D73A00B40319 /* View */,
			);
			path = GraffitiCreateScene;
			sourceTree = "<group>";
		};
		6E3DB1B36F17ADB64E364AEA /* Pods */ = {
			isa = PBXGroup;
			children = (
				9EA38423ED02106646ABD875 /* Pods-Cozy.debug.xcconfig */,
				392D86B353E56D3881C36505 /* Pods-Cozy.release.xcconfig */,
			);
			path = Pods;
			sourceTree = "<group>";
		};
		713520CC0700BE7D6DA57992 /* Frameworks */ = {
			isa = PBXGroup;
			children = (
				0FC798F2920457D08D7A46D4 /* Pods_Cozy.framework */,
			);
			name = Frameworks;
			sourceTree = "<group>";
		};
/* End PBXGroup section */

/* Begin PBXNativeTarget section */
		2B0748A724E5E3FA0031D203 /* Cozy */ = {
			isa = PBXNativeTarget;
			buildConfigurationList = 2B0748BF24E5E3FA0031D203 /* Build configuration list for PBXNativeTarget "Cozy" */;
			buildPhases = (
				80CB8F7B15A40CDCF03923AE /* [CP] Check Pods Manifest.lock */,
				2B0748A424E5E3FA0031D203 /* Sources */,
				2B0748A524E5E3FA0031D203 /* Frameworks */,
				2B0748A624E5E3FA0031D203 /* Resources */,
				3737A163EBDB474FC6343099 /* [CP] Embed Pods Frameworks */,
			);
			buildRules = (
			);
			dependencies = (
			);
			name = Cozy;
			productName = Cozy;
			productReference = 2B0748A824E5E3FA0031D203 /* Cozy.app */;
			productType = "com.apple.product-type.application";
		};
/* End PBXNativeTarget section */

/* Begin PBXProject section */
		2B0748A024E5E3FA0031D203 /* Project object */ = {
			isa = PBXProject;
			attributes = {
				LastSwiftUpdateCheck = 1150;
				LastUpgradeCheck = 1150;
				ORGANIZATIONNAME = "Uladzislau Volchyk";
				TargetAttributes = {
					2B0748A724E5E3FA0031D203 = {
						CreatedOnToolsVersion = 11.5;
					};
				};
			};
			buildConfigurationList = 2B0748A324E5E3FA0031D203 /* Build configuration list for PBXProject "Cozy" */;
			compatibilityVersion = "Xcode 9.3";
			developmentRegion = en;
			hasScannedForEncodings = 0;
			knownRegions = (
				en,
				Base,
			);
			mainGroup = 2B07489F24E5E3FA0031D203;
			productRefGroup = 2B0748A924E5E3FA0031D203 /* Products */;
			projectDirPath = "";
			projectRoot = "";
			targets = (
				2B0748A724E5E3FA0031D203 /* Cozy */,
			);
		};
/* End PBXProject section */

/* Begin PBXResourcesBuildPhase section */
		2B0748A624E5E3FA0031D203 /* Resources */ = {
			isa = PBXResourcesBuildPhase;
			buildActionMask = 2147483647;
			files = (
				2B0748BB24E5E3FA0031D203 /* LaunchScreen.storyboard in Resources */,
				2B0748B824E5E3FA0031D203 /* Assets.xcassets in Resources */,
			);
			runOnlyForDeploymentPostprocessing = 0;
		};
/* End PBXResourcesBuildPhase section */

/* Begin PBXShellScriptBuildPhase section */
		3737A163EBDB474FC6343099 /* [CP] Embed Pods Frameworks */ = {
			isa = PBXShellScriptBuildPhase;
			buildActionMask = 2147483647;
			files = (
			);
			inputFileListPaths = (
				"${PODS_ROOT}/Target Support Files/Pods-Cozy/Pods-Cozy-frameworks-${CONFIGURATION}-input-files.xcfilelist",
			);
			name = "[CP] Embed Pods Frameworks";
			outputFileListPaths = (
				"${PODS_ROOT}/Target Support Files/Pods-Cozy/Pods-Cozy-frameworks-${CONFIGURATION}-output-files.xcfilelist",
			);
			runOnlyForDeploymentPostprocessing = 0;
			shellPath = /bin/sh;
			shellScript = "\"${PODS_ROOT}/Target Support Files/Pods-Cozy/Pods-Cozy-frameworks.sh\"\n";
			showEnvVarsInLog = 0;
		};
		80CB8F7B15A40CDCF03923AE /* [CP] Check Pods Manifest.lock */ = {
			isa = PBXShellScriptBuildPhase;
			buildActionMask = 2147483647;
			files = (
			);
			inputFileListPaths = (
			);
			inputPaths = (
				"${PODS_PODFILE_DIR_PATH}/Podfile.lock",
				"${PODS_ROOT}/Manifest.lock",
			);
			name = "[CP] Check Pods Manifest.lock";
			outputFileListPaths = (
			);
			outputPaths = (
				"$(DERIVED_FILE_DIR)/Pods-Cozy-checkManifestLockResult.txt",
			);
			runOnlyForDeploymentPostprocessing = 0;
			shellPath = /bin/sh;
			shellScript = "diff \"${PODS_PODFILE_DIR_PATH}/Podfile.lock\" \"${PODS_ROOT}/Manifest.lock\" > /dev/null\nif [ $? != 0 ] ; then\n    # print error to STDERR\n    echo \"error: The sandbox is not in sync with the Podfile.lock. Run 'pod install' or update your CocoaPods installation.\" >&2\n    exit 1\nfi\n# This output is used by Xcode 'outputs' to avoid re-running this script phase.\necho \"SUCCESS\" > \"${SCRIPT_OUTPUT_FILE_0}\"\n";
			showEnvVarsInLog = 0;
		};
/* End PBXShellScriptBuildPhase section */

/* Begin PBXSourcesBuildPhase section */
		2B0748A424E5E3FA0031D203 /* Sources */ = {
			isa = PBXSourcesBuildPhase;
			buildActionMask = 2147483647;
			files = (
				2B58A35D24F85A0A002AD76E /* UnsplashCollectionCommonCell.swift in Sources */,
				2BD4CD8024ED704D00BCA0D5 /* LocalImageDetailCoordinator.swift in Sources */,
				2B574CAE24E7D4190071D97C /* MemoryCreateViewController.swift in Sources */,
				2B44B5D624F48D4B00BC229A /* MemorySearchController.swift in Sources */,
				2B402C0424F3118000B40319 /* PageTabBarController.swift in Sources */,
				2B44B5CE24F4891E00BC229A /* UIImage+Extensions.swift in Sources */,
				2B58A38C24FBB7FD002AD76E /* NMNavigationController.swift in Sources */,
				2B44B5D824F48D7F00BC229A /* MemorySearchViewModel.swift in Sources */,
				2B5C578024F672F0009C2285 /* UnsplashImageCollectionController.swift in Sources */,
				2B574CB924E83DC10071D97C /* MemoryCollectionViewController.swift in Sources */,
				2B574CAC24E7D3F00071D97C /* NMViewController.swift in Sources */,
				2B574CB024E7E2300071D97C /* MemoryCreateViewModel.swift in Sources */,
				2B5C578224F67300009C2285 /* UnsplashImageCollectionViewModel.swift in Sources */,
				2B5C578E24F6AF77009C2285 /* UnsplashPhotoCache.swift in Sources */,
				2B574CBB24E842160071D97C /* MemoryCollectionViewCell.swift in Sources */,
				2B574CC024E84A060071D97C /* Synchronizer.swift in Sources */,
				2B58A38324FB17BC002AD76E /* NMCollectionViewCell.swift in Sources */,
				2B58A37A24F9AA96002AD76E /* MemoryCollectionCoordinator.swift in Sources */,
				2BD4CD9724EEFD4D00BCA0D5 /* ImageProposalSheetController.swift in Sources */,
				2BD4CD8724EECB5700BCA0D5 /* MemoriesCollectionCoordinator.swift in Sources */,
				2BD4CD9124EEE12D00BCA0D5 /* MemoryShowCoordinator.swift in Sources */,
				2B0748B024E5E3FA0031D203 /* ViewController.swift in Sources */,
				2B402C1924F3D88800B40319 /* GraffitiCreateCoordinator.swift in Sources */,
				2BFD46D824FC547300485231 /* ThemeManager.swift in Sources */,
				2B44B5C624F3F47D00BC229A /* CoreGraffitiChunk+CoreDataClass.swift in Sources */,
				2B574CBD24E849180071D97C /* MemoryCollectionViewModel.swift in Sources */,
				2B44B5CC24F488E900BC229A /* UIStackView+Extensions.swift in Sources */,
				2BFD46E824FDB3B400485231 /* NMCollectionView.swift in Sources */,
				2B0748AC24E5E3FA0031D203 /* AppDelegate.swift in Sources */,
				2B58A38724FB1EE1002AD76E /* NMButton.swift in Sources */,
				2BD4CD8F24EEDC5F00BCA0D5 /* MemoryShowViewModel.swift in Sources */,
				2B58A35A24F8596D002AD76E /* UnsplashImageCollectionDataSource.swift in Sources */,
				2B44B5CA24F488B900BC229A /* UIFont+Extensions.swift in Sources */,
				2B5C578424F67334009C2285 /* UnsplashImageCollectionCoordinator.swift in Sources */,
				2B58A36224F866BB002AD76E /* MemoryEditViewController.swift in Sources */,
				2B574CB624E83B940071D97C /* Business.swift in Sources */,
				2B44B5D024F4893900BC229A /* UIView+Extensions.swift in Sources */,
				2BFD46D524FC14D100485231 /* Constants.swift in Sources */,
				2B402C0E24F3B33600B40319 /* MapCreateCoordinator.swift in Sources */,
				2BD4CD7624ED630000BCA0D5 /* MemoryCreateCoordinator.swift in Sources */,
				2BD4CD8224EDAD2100BCA0D5 /* PageViewController.swift in Sources */,
				2B402C1524F3D75200B40319 /* GraffitiCreateViewController.swift in Sources */,
				2BD4CD8424EE85CC00BCA0D5 /* ButtonsPanel.swift in Sources */,
				2BFD46CE24FBE22D00485231 /* NMTextView.swift in Sources */,
				2BFD46E024FD78E200485231 /* UIColor+Extensions.swift in Sources */,
				2BFD46D224FBF5E000485231 /* NMView.swift in Sources */,
				2B5C578924F67E87009C2285 /* UnsplashModels.swift in Sources */,
				2BFD46EF24FE71DF00485231 /* NMCanvasView.swift in Sources */,
				2BFD46EC24FDC86F00485231 /* NMLabel.swift in Sources */,
				2B6DF78B24EB0C4D00B94C21 /* CorePhotoChunk+CoreDataClass.swift in Sources */,
				2BD4CD9B24EF104600BCA0D5 /* ImagesProposalCoordinator.swift in Sources */,
				2B58A36F24F86C74002AD76E /* MemoryEditViewModel.swift in Sources */,
				2B58A38A24FB933E002AD76E /* NMNavigationBar.swift in Sources */,
				2BD4CD8D24EEDC4900BCA0D5 /* MemoryShowViewController.swift in Sources */,
				2BD4CD9424EEF17400BCA0D5 /* AppCoordinator.swift in Sources */,
				2B574CD624E850DA0071D97C /* CoreTextChunk+CoreDataClass.swift in Sources */,
				2B402C0C24F3B24400B40319 /* MapCreateViewModel.swift in Sources */,
				2B5C579624F6CDFE009C2285 /* UnsplashImageDetailViewModel.swift in Sources */,
				2B0748B624E5E3FA0031D203 /* Cozy.xcdatamodeld in Sources */,
				2B58A35424F857B1002AD76E /* ImageDetailTransition.swift in Sources */,
				2B5C578B24F67F62009C2285 /* UnsplashNetwork.swift in Sources */,
				2BFD46E224FD9E7D00485231 /* NMAlertController.swift in Sources */,
				2B402C1724F3D75C00B40319 /* GraffitiCreateViewModel.swift in Sources */,
				2B402C0A24F3B23500B40319 /* MapCreateViewController.swift in Sources */,
				2BD4CD7E24ED703700BCA0D5 /* LocalImageDetailViewModel.swift in Sources */,
				2BFD46DA24FC610400485231 /* NMTabBarController.swift in Sources */,
				2B58A36524F8672C002AD76E /* MemoryEditChunkViews.swift in Sources */,
				2B58A36C24F86A44002AD76E /* MemoryEditCoordinator.swift in Sources */,
				2BFD46D024FBF3C000485231 /* NMImageView.swift in Sources */,
				2BFD46DE24FC6BE800485231 /* NMTabBarItem.swift in Sources */,
				2B0748AE24E5E3FA0031D203 /* SceneDelegate.swift in Sources */,
				2BFD46EA24FDB45100485231 /* NMSearchController.swift in Sources */,
				2BD4CD9924EEFD6500BCA0D5 /* ImageProposalViewModel.swift in Sources */,
				2B59E31A24E933F80084F118 /* Helpers.swift in Sources */,
				2BD4CD7C24ED702900BCA0D5 /* ImageDetailViewController.swift in Sources */,
				2B574CD824E850DA0071D97C /* CoreMemory+CoreDataClass.swift in Sources */,
				2B44B5DB24F4915F00BC229A /* MemorySearchCoordinator.swift in Sources */,
			);
			runOnlyForDeploymentPostprocessing = 0;
		};
/* End PBXSourcesBuildPhase section */

/* Begin PBXVariantGroup section */
		2B0748B924E5E3FA0031D203 /* LaunchScreen.storyboard */ = {
			isa = PBXVariantGroup;
			children = (
				2B0748BA24E5E3FA0031D203 /* Base */,
			);
			name = LaunchScreen.storyboard;
			sourceTree = "<group>";
		};
/* End PBXVariantGroup section */

/* Begin XCBuildConfiguration section */
		2B0748BD24E5E3FA0031D203 /* Debug */ = {
			isa = XCBuildConfiguration;
			buildSettings = {
				ALWAYS_SEARCH_USER_PATHS = NO;
				CLANG_ANALYZER_NONNULL = YES;
				CLANG_ANALYZER_NUMBER_OBJECT_CONVERSION = YES_AGGRESSIVE;
				CLANG_CXX_LANGUAGE_STANDARD = "gnu++14";
				CLANG_CXX_LIBRARY = "libc++";
				CLANG_ENABLE_MODULES = YES;
				CLANG_ENABLE_OBJC_ARC = YES;
				CLANG_ENABLE_OBJC_WEAK = YES;
				CLANG_WARN_BLOCK_CAPTURE_AUTORELEASING = YES;
				CLANG_WARN_BOOL_CONVERSION = YES;
				CLANG_WARN_COMMA = YES;
				CLANG_WARN_CONSTANT_CONVERSION = YES;
				CLANG_WARN_DEPRECATED_OBJC_IMPLEMENTATIONS = YES;
				CLANG_WARN_DIRECT_OBJC_ISA_USAGE = YES_ERROR;
				CLANG_WARN_DOCUMENTATION_COMMENTS = YES;
				CLANG_WARN_EMPTY_BODY = YES;
				CLANG_WARN_ENUM_CONVERSION = YES;
				CLANG_WARN_INFINITE_RECURSION = YES;
				CLANG_WARN_INT_CONVERSION = YES;
				CLANG_WARN_NON_LITERAL_NULL_CONVERSION = YES;
				CLANG_WARN_OBJC_IMPLICIT_RETAIN_SELF = YES;
				CLANG_WARN_OBJC_LITERAL_CONVERSION = YES;
				CLANG_WARN_OBJC_ROOT_CLASS = YES_ERROR;
				CLANG_WARN_RANGE_LOOP_ANALYSIS = YES;
				CLANG_WARN_STRICT_PROTOTYPES = YES;
				CLANG_WARN_SUSPICIOUS_MOVE = YES;
				CLANG_WARN_UNGUARDED_AVAILABILITY = YES_AGGRESSIVE;
				CLANG_WARN_UNREACHABLE_CODE = YES;
				CLANG_WARN__DUPLICATE_METHOD_MATCH = YES;
				COPY_PHASE_STRIP = NO;
				DEBUG_INFORMATION_FORMAT = dwarf;
				ENABLE_STRICT_OBJC_MSGSEND = YES;
				ENABLE_TESTABILITY = YES;
				GCC_C_LANGUAGE_STANDARD = gnu11;
				GCC_DYNAMIC_NO_PIC = NO;
				GCC_NO_COMMON_BLOCKS = YES;
				GCC_OPTIMIZATION_LEVEL = 0;
				GCC_PREPROCESSOR_DEFINITIONS = (
					"DEBUG=1",
					"$(inherited)",
				);
				GCC_WARN_64_TO_32_BIT_CONVERSION = YES;
				GCC_WARN_ABOUT_RETURN_TYPE = YES_ERROR;
				GCC_WARN_UNDECLARED_SELECTOR = YES;
				GCC_WARN_UNINITIALIZED_AUTOS = YES_AGGRESSIVE;
				GCC_WARN_UNUSED_FUNCTION = YES;
				GCC_WARN_UNUSED_VARIABLE = YES;
				IPHONEOS_DEPLOYMENT_TARGET = 13.5;
				MTL_ENABLE_DEBUG_INFO = INCLUDE_SOURCE;
				MTL_FAST_MATH = YES;
				ONLY_ACTIVE_ARCH = YES;
				SDKROOT = iphoneos;
				SWIFT_ACTIVE_COMPILATION_CONDITIONS = DEBUG;
				SWIFT_OPTIMIZATION_LEVEL = "-Onone";
			};
			name = Debug;
		};
		2B0748BE24E5E3FA0031D203 /* Release */ = {
			isa = XCBuildConfiguration;
			buildSettings = {
				ALWAYS_SEARCH_USER_PATHS = NO;
				CLANG_ANALYZER_NONNULL = YES;
				CLANG_ANALYZER_NUMBER_OBJECT_CONVERSION = YES_AGGRESSIVE;
				CLANG_CXX_LANGUAGE_STANDARD = "gnu++14";
				CLANG_CXX_LIBRARY = "libc++";
				CLANG_ENABLE_MODULES = YES;
				CLANG_ENABLE_OBJC_ARC = YES;
				CLANG_ENABLE_OBJC_WEAK = YES;
				CLANG_WARN_BLOCK_CAPTURE_AUTORELEASING = YES;
				CLANG_WARN_BOOL_CONVERSION = YES;
				CLANG_WARN_COMMA = YES;
				CLANG_WARN_CONSTANT_CONVERSION = YES;
				CLANG_WARN_DEPRECATED_OBJC_IMPLEMENTATIONS = YES;
				CLANG_WARN_DIRECT_OBJC_ISA_USAGE = YES_ERROR;
				CLANG_WARN_DOCUMENTATION_COMMENTS = YES;
				CLANG_WARN_EMPTY_BODY = YES;
				CLANG_WARN_ENUM_CONVERSION = YES;
				CLANG_WARN_INFINITE_RECURSION = YES;
				CLANG_WARN_INT_CONVERSION = YES;
				CLANG_WARN_NON_LITERAL_NULL_CONVERSION = YES;
				CLANG_WARN_OBJC_IMPLICIT_RETAIN_SELF = YES;
				CLANG_WARN_OBJC_LITERAL_CONVERSION = YES;
				CLANG_WARN_OBJC_ROOT_CLASS = YES_ERROR;
				CLANG_WARN_RANGE_LOOP_ANALYSIS = YES;
				CLANG_WARN_STRICT_PROTOTYPES = YES;
				CLANG_WARN_SUSPICIOUS_MOVE = YES;
				CLANG_WARN_UNGUARDED_AVAILABILITY = YES_AGGRESSIVE;
				CLANG_WARN_UNREACHABLE_CODE = YES;
				CLANG_WARN__DUPLICATE_METHOD_MATCH = YES;
				COPY_PHASE_STRIP = NO;
				DEBUG_INFORMATION_FORMAT = "dwarf-with-dsym";
				ENABLE_NS_ASSERTIONS = NO;
				ENABLE_STRICT_OBJC_MSGSEND = YES;
				GCC_C_LANGUAGE_STANDARD = gnu11;
				GCC_NO_COMMON_BLOCKS = YES;
				GCC_WARN_64_TO_32_BIT_CONVERSION = YES;
				GCC_WARN_ABOUT_RETURN_TYPE = YES_ERROR;
				GCC_WARN_UNDECLARED_SELECTOR = YES;
				GCC_WARN_UNINITIALIZED_AUTOS = YES_AGGRESSIVE;
				GCC_WARN_UNUSED_FUNCTION = YES;
				GCC_WARN_UNUSED_VARIABLE = YES;
				IPHONEOS_DEPLOYMENT_TARGET = 13.5;
				MTL_ENABLE_DEBUG_INFO = NO;
				MTL_FAST_MATH = YES;
				SDKROOT = iphoneos;
				SWIFT_COMPILATION_MODE = wholemodule;
				SWIFT_OPTIMIZATION_LEVEL = "-O";
				VALIDATE_PRODUCT = YES;
			};
			name = Release;
		};
		2B0748C024E5E3FA0031D203 /* Debug */ = {
			isa = XCBuildConfiguration;
			baseConfigurationReference = 9EA38423ED02106646ABD875 /* Pods-Cozy.debug.xcconfig */;
			buildSettings = {
				ASSETCATALOG_COMPILER_APPICON_NAME = AppIcon;
				CODE_SIGN_STYLE = Automatic;
				DEVELOPMENT_TEAM = 7YP67DVLV3;
				INFOPLIST_FILE = Cozy/Info.plist;
				IPHONEOS_DEPLOYMENT_TARGET = 13.0;
				LD_RUNPATH_SEARCH_PATHS = (
					"$(inherited)",
					"@executable_path/Frameworks",
				);
				PRODUCT_BUNDLE_IDENTIFIER = com.uvolchyk.Cozy;
				PRODUCT_NAME = "$(TARGET_NAME)";
				SWIFT_VERSION = 5.0;
				TARGETED_DEVICE_FAMILY = "1,2";
			};
			name = Debug;
		};
		2B0748C124E5E3FA0031D203 /* Release */ = {
			isa = XCBuildConfiguration;
			baseConfigurationReference = 392D86B353E56D3881C36505 /* Pods-Cozy.release.xcconfig */;
			buildSettings = {
				ASSETCATALOG_COMPILER_APPICON_NAME = AppIcon;
				CODE_SIGN_STYLE = Automatic;
				DEVELOPMENT_TEAM = 7YP67DVLV3;
				INFOPLIST_FILE = Cozy/Info.plist;
				IPHONEOS_DEPLOYMENT_TARGET = 13.0;
				LD_RUNPATH_SEARCH_PATHS = (
					"$(inherited)",
					"@executable_path/Frameworks",
				);
				PRODUCT_BUNDLE_IDENTIFIER = com.uvolchyk.Cozy;
				PRODUCT_NAME = "$(TARGET_NAME)";
				SWIFT_VERSION = 5.0;
				TARGETED_DEVICE_FAMILY = "1,2";
			};
			name = Release;
		};
/* End XCBuildConfiguration section */

/* Begin XCConfigurationList section */
		2B0748A324E5E3FA0031D203 /* Build configuration list for PBXProject "Cozy" */ = {
			isa = XCConfigurationList;
			buildConfigurations = (
				2B0748BD24E5E3FA0031D203 /* Debug */,
				2B0748BE24E5E3FA0031D203 /* Release */,
			);
			defaultConfigurationIsVisible = 0;
			defaultConfigurationName = Release;
		};
		2B0748BF24E5E3FA0031D203 /* Build configuration list for PBXNativeTarget "Cozy" */ = {
			isa = XCConfigurationList;
			buildConfigurations = (
				2B0748C024E5E3FA0031D203 /* Debug */,
				2B0748C124E5E3FA0031D203 /* Release */,
			);
			defaultConfigurationIsVisible = 0;
			defaultConfigurationName = Release;
		};
/* End XCConfigurationList section */

/* Begin XCVersionGroup section */
		2B0748B424E5E3FA0031D203 /* Cozy.xcdatamodeld */ = {
			isa = XCVersionGroup;
			children = (
				2B0748B524E5E3FA0031D203 /* Cozy.xcdatamodel */,
			);
			currentVersion = 2B0748B524E5E3FA0031D203 /* Cozy.xcdatamodel */;
			path = Cozy.xcdatamodeld;
			sourceTree = "<group>";
			versionGroupType = wrapper.xcdatamodel;
		};
/* End XCVersionGroup section */
	};
	rootObject = 2B0748A024E5E3FA0031D203 /* Project object */;
}
